// !$*UTF8*$!
{
	archiveVersion = 1;
	classes = {
	};
	objectVersion = 42;
	objects = {

/* Begin PBXBuildFile section */
		091EFB45133AE2BD0079FB6C /* ParticleSystem.cpp in Sources */ = {isa = PBXBuildFile; fileRef = 091EFB44133AE2BD0079FB6C /* ParticleSystem.cpp */; };
		09A0A08F13399C8C00586A14 /* ofxTuioClient.cpp in Sources */ = {isa = PBXBuildFile; fileRef = 09A0A08B13399C8C00586A14 /* ofxTuioClient.cpp */; };
		09A0A09013399C8C00586A14 /* ofxTuioServer.cpp in Sources */ = {isa = PBXBuildFile; fileRef = 09A0A08D13399C8C00586A14 /* ofxTuioServer.cpp */; };
		09A0A0C913399D3700586A14 /* TuioClient.cpp in Sources */ = {isa = PBXBuildFile; fileRef = 09A0A0AD13399D3700586A14 /* TuioClient.cpp */; };
		09A0A0CA13399D3700586A14 /* OscSender.cpp in Sources */ = {isa = PBXBuildFile; fileRef = 09A0A0B013399D3700586A14 /* OscSender.cpp */; };
		09A0A0CB13399D3700586A14 /* TcpSender.cpp in Sources */ = {isa = PBXBuildFile; fileRef = 09A0A0B213399D3700586A14 /* TcpSender.cpp */; };
		09A0A0CC13399D3700586A14 /* TuioBlob.cpp in Sources */ = {isa = PBXBuildFile; fileRef = 09A0A0B413399D3700586A14 /* TuioBlob.cpp */; };
		09A0A0CD13399D3700586A14 /* TuioContainer.cpp in Sources */ = {isa = PBXBuildFile; fileRef = 09A0A0B613399D3700586A14 /* TuioContainer.cpp */; };
		09A0A0CE13399D3700586A14 /* TuioCursor.cpp in Sources */ = {isa = PBXBuildFile; fileRef = 09A0A0B813399D3700586A14 /* TuioCursor.cpp */; };
		09A0A0CF13399D3700586A14 /* TuioDispatcher.cpp in Sources */ = {isa = PBXBuildFile; fileRef = 09A0A0BA13399D3700586A14 /* TuioDispatcher.cpp */; };
		09A0A0D013399D3700586A14 /* TuioManager.cpp in Sources */ = {isa = PBXBuildFile; fileRef = 09A0A0BD13399D3700586A14 /* TuioManager.cpp */; };
		09A0A0D113399D3700586A14 /* TuioObject.cpp in Sources */ = {isa = PBXBuildFile; fileRef = 09A0A0BF13399D3700586A14 /* TuioObject.cpp */; };
		09A0A0D213399D3700586A14 /* TuioPoint.cpp in Sources */ = {isa = PBXBuildFile; fileRef = 09A0A0C113399D3700586A14 /* TuioPoint.cpp */; };
		09A0A0D313399D3700586A14 /* TuioServer.cpp in Sources */ = {isa = PBXBuildFile; fileRef = 09A0A0C313399D3700586A14 /* TuioServer.cpp */; };
		09A0A0D413399D3700586A14 /* TuioTime.cpp in Sources */ = {isa = PBXBuildFile; fileRef = 09A0A0C513399D3700586A14 /* TuioTime.cpp */; };
		09A0A0D513399D3700586A14 /* UdpSender.cpp in Sources */ = {isa = PBXBuildFile; fileRef = 09A0A0C713399D3700586A14 /* UdpSender.cpp */; };
		09A0A10813399D4400586A14 /* liboscpack.a in Frameworks */ = {isa = PBXBuildFile; fileRef = 09A0A0F013399D4300586A14 /* liboscpack.a */; };
		09A0A10913399D4400586A14 /* liboscpack.a in Frameworks */ = {isa = PBXBuildFile; fileRef = 09A0A0F113399D4300586A14 /* liboscpack.a */; };
		09A0A10A13399D4400586A14 /* liboscpack.a in Frameworks */ = {isa = PBXBuildFile; fileRef = 09A0A0F313399D4300586A14 /* liboscpack.a */; };
		09A0A10B13399D4400586A14 /* liboscpack.a in Frameworks */ = {isa = PBXBuildFile; fileRef = 09A0A0F513399D4300586A14 /* liboscpack.a */; };
		09A0A10C13399D4400586A14 /* osc.a in Frameworks */ = {isa = PBXBuildFile; fileRef = 09A0A0F713399D4300586A14 /* osc.a */; };
		09A0A10D13399D4400586A14 /* oscpack.lib in Frameworks */ = {isa = PBXBuildFile; fileRef = 09A0A0F913399D4300586A14 /* oscpack.lib */; };
		09A0A10E13399D4400586A14 /* oscpackd.lib in Frameworks */ = {isa = PBXBuildFile; fileRef = 09A0A0FA13399D4400586A14 /* oscpackd.lib */; };
		09A0A10F13399D4400586A14 /* oscpack.a in Frameworks */ = {isa = PBXBuildFile; fileRef = 09A0A0FC13399D4400586A14 /* oscpack.a */; };
		09A0A11013399D4400586A14 /* ofxOscBundle.cpp in Sources */ = {isa = PBXBuildFile; fileRef = 09A0A10013399D4400586A14 /* ofxOscBundle.cpp */; };
		09A0A11113399D4400586A14 /* ofxOscMessage.cpp in Sources */ = {isa = PBXBuildFile; fileRef = 09A0A10213399D4400586A14 /* ofxOscMessage.cpp */; };
		09A0A11213399D4400586A14 /* ofxOscReceiver.cpp in Sources */ = {isa = PBXBuildFile; fileRef = 09A0A10413399D4400586A14 /* ofxOscReceiver.cpp */; };
		09A0A11313399D4400586A14 /* ofxOscSender.cpp in Sources */ = {isa = PBXBuildFile; fileRef = 09A0A10613399D4400586A14 /* ofxOscSender.cpp */; };
		09A0A1F71339A67F00586A14 /* ofxMatrix3x3.cpp in Sources */ = {isa = PBXBuildFile; fileRef = 09A0A1EA1339A67F00586A14 /* ofxMatrix3x3.cpp */; };
		09A0A1F81339A67F00586A14 /* ofxMatrix4x4.cpp in Sources */ = {isa = PBXBuildFile; fileRef = 09A0A1EC1339A67F00586A14 /* ofxMatrix4x4.cpp */; };
		09A0A1F91339A67F00586A14 /* ofxQuaternion.cpp in Sources */ = {isa = PBXBuildFile; fileRef = 09A0A1F11339A67F00586A14 /* ofxQuaternion.cpp */; };
		09A0A1FD1339A69300586A14 /* Particle.cpp in Sources */ = {isa = PBXBuildFile; fileRef = 09A0A1FC1339A69300586A14 /* Particle.cpp */; };
		09A0A2001339AA2600586A14 /* Emitter.cpp in Sources */ = {isa = PBXBuildFile; fileRef = 09A0A1FF1339AA2600586A14 /* Emitter.cpp */; };
		0A975D08133AAF34001EEBE9 /* kid.cpp in Sources */ = {isa = PBXBuildFile; fileRef = 0A975D04133AAF34001EEBE9 /* kid.cpp */; };
		0A975D09133AAF34001EEBE9 /* monster.cpp in Sources */ = {isa = PBXBuildFile; fileRef = 0A975D06133AAF34001EEBE9 /* monster.cpp */; };
		0A975D0D133AAF49001EEBE9 /* ofxImageSequence.cpp in Sources */ = {isa = PBXBuildFile; fileRef = 0A975D0B133AAF49001EEBE9 /* ofxImageSequence.cpp */; };
		E45BE0AA0E8CC67C009D7055 /* GLee.a in Frameworks */ = {isa = PBXBuildFile; fileRef = E45BE0A90E8CC67C009D7055 /* GLee.a */; };
		E45BE2E40E8CC69C009D7055 /* rtAudio.a in Frameworks */ = {isa = PBXBuildFile; fileRef = E45BE2E30E8CC69C009D7055 /* rtAudio.a */; };
		E45BE97B0E8CC7DD009D7055 /* AGL.framework in Frameworks */ = {isa = PBXBuildFile; fileRef = E45BE9710E8CC7DD009D7055 /* AGL.framework */; };
		E45BE97C0E8CC7DD009D7055 /* ApplicationServices.framework in Frameworks */ = {isa = PBXBuildFile; fileRef = E45BE9720E8CC7DD009D7055 /* ApplicationServices.framework */; };
		E45BE97D0E8CC7DD009D7055 /* AudioToolbox.framework in Frameworks */ = {isa = PBXBuildFile; fileRef = E45BE9730E8CC7DD009D7055 /* AudioToolbox.framework */; };
		E45BE97E0E8CC7DD009D7055 /* Carbon.framework in Frameworks */ = {isa = PBXBuildFile; fileRef = E45BE9740E8CC7DD009D7055 /* Carbon.framework */; };
		E45BE97F0E8CC7DD009D7055 /* CoreAudio.framework in Frameworks */ = {isa = PBXBuildFile; fileRef = E45BE9750E8CC7DD009D7055 /* CoreAudio.framework */; };
		E45BE9800E8CC7DD009D7055 /* CoreFoundation.framework in Frameworks */ = {isa = PBXBuildFile; fileRef = E45BE9760E8CC7DD009D7055 /* CoreFoundation.framework */; };
		E45BE9810E8CC7DD009D7055 /* CoreServices.framework in Frameworks */ = {isa = PBXBuildFile; fileRef = E45BE9770E8CC7DD009D7055 /* CoreServices.framework */; };
		E45BE9830E8CC7DD009D7055 /* OpenGL.framework in Frameworks */ = {isa = PBXBuildFile; fileRef = E45BE9790E8CC7DD009D7055 /* OpenGL.framework */; };
		E45BE9840E8CC7DD009D7055 /* QuickTime.framework in Frameworks */ = {isa = PBXBuildFile; fileRef = E45BE97A0E8CC7DD009D7055 /* QuickTime.framework */; };
		E4B69E200A3A1BDC003C02F2 /* main.cpp in Sources */ = {isa = PBXBuildFile; fileRef = E4B69E1D0A3A1BDC003C02F2 /* main.cpp */; };
		E4B69E210A3A1BDC003C02F2 /* testApp.cpp in Sources */ = {isa = PBXBuildFile; fileRef = E4B69E1E0A3A1BDC003C02F2 /* testApp.cpp */; };
		E4C2422B10CC554B004149E2 /* openFrameworksDebug.a in Frameworks */ = {isa = PBXBuildFile; fileRef = E4C2421E10CC549C004149E2 /* openFrameworksDebug.a */; };
		E4C2424710CC5A17004149E2 /* AppKit.framework in Frameworks */ = {isa = PBXBuildFile; fileRef = E4C2424410CC5A17004149E2 /* AppKit.framework */; };
		E4C2424810CC5A17004149E2 /* Cocoa.framework in Frameworks */ = {isa = PBXBuildFile; fileRef = E4C2424510CC5A17004149E2 /* Cocoa.framework */; };
		E4C2424910CC5A17004149E2 /* IOKit.framework in Frameworks */ = {isa = PBXBuildFile; fileRef = E4C2424610CC5A17004149E2 /* IOKit.framework */; };
		E4C2426610CC5A78004149E2 /* GLUT.framework in Frameworks */ = {isa = PBXBuildFile; fileRef = E4C2425F10CC5A78004149E2 /* GLUT.framework */; };
		E4C2426B10CC5AA6004149E2 /* GLUT.framework in CopyFiles */ = {isa = PBXBuildFile; fileRef = E4C2425F10CC5A78004149E2 /* GLUT.framework */; };
		E4C2427F10CC5B66004149E2 /* CppUnit.a in Frameworks */ = {isa = PBXBuildFile; fileRef = E4C2427A10CC5B66004149E2 /* CppUnit.a */; };
		E4C2428010CC5B66004149E2 /* PocoFoundation.a in Frameworks */ = {isa = PBXBuildFile; fileRef = E4C2427B10CC5B66004149E2 /* PocoFoundation.a */; };
		E4C2428110CC5B66004149E2 /* PocoNet.a in Frameworks */ = {isa = PBXBuildFile; fileRef = E4C2427C10CC5B66004149E2 /* PocoNet.a */; };
		E4C2428210CC5B66004149E2 /* PocoUtil.a in Frameworks */ = {isa = PBXBuildFile; fileRef = E4C2427D10CC5B66004149E2 /* PocoUtil.a */; };
		E4C2428310CC5B66004149E2 /* PocoXML.a in Frameworks */ = {isa = PBXBuildFile; fileRef = E4C2427E10CC5B66004149E2 /* PocoXML.a */; };
		E4C2429410CC5C38004149E2 /* freetype.a in Frameworks */ = {isa = PBXBuildFile; fileRef = E4C2429310CC5C38004149E2 /* freetype.a */; };
		E4C242CD10CC650E004149E2 /* libfmodex.dylib in Frameworks */ = {isa = PBXBuildFile; fileRef = E4C242CC10CC650E004149E2 /* libfmodex.dylib */; };
		E4C2443910CC7693004149E2 /* openFrameworks-Info.plist in CopyFiles */ = {isa = PBXBuildFile; fileRef = E4B6FCAD0C3E899E008CF71C /* openFrameworks-Info.plist */; };
		E4C246DA10CCAE22004149E2 /* freeimage.a in Frameworks */ = {isa = PBXBuildFile; fileRef = E4C246D910CCAE22004149E2 /* freeimage.a */; };
/* End PBXBuildFile section */

/* Begin PBXContainerItemProxy section */
		E4C2421D10CC549C004149E2 /* PBXContainerItemProxy */ = {
			isa = PBXContainerItemProxy;
			containerPortal = E4C2421610CC549C004149E2 /* openFrameworksLib.xcodeproj */;
			proxyType = 2;
			remoteGlobalIDString = E4B27C1510CBEB8E00536013;
			remoteInfo = openFrameworks;
		};
		E4C2422710CC54DA004149E2 /* PBXContainerItemProxy */ = {
			isa = PBXContainerItemProxy;
			containerPortal = E4C2421610CC549C004149E2 /* openFrameworksLib.xcodeproj */;
			proxyType = 1;
			remoteGlobalIDString = E4B27C1410CBEB8E00536013;
			remoteInfo = openFrameworks;
		};
/* End PBXContainerItemProxy section */

/* Begin PBXCopyFilesBuildPhase section */
		E4C2427710CC5ABF004149E2 /* CopyFiles */ = {
			isa = PBXCopyFilesBuildPhase;
			buildActionMask = 2147483647;
			dstPath = "";
			dstSubfolderSpec = 10;
			files = (
				E4C2426B10CC5AA6004149E2 /* GLUT.framework in CopyFiles */,
			);
			runOnlyForDeploymentPostprocessing = 0;
		};
		E4C2444710CC769B004149E2 /* CopyFiles */ = {
			isa = PBXCopyFilesBuildPhase;
			buildActionMask = 2147483647;
			dstPath = "";
			dstSubfolderSpec = 7;
			files = (
				E4C2443910CC7693004149E2 /* openFrameworks-Info.plist in CopyFiles */,
			);
			runOnlyForDeploymentPostprocessing = 0;
		};
/* End PBXCopyFilesBuildPhase section */

/* Begin PBXFileReference section */
		091EFB43133AE2BD0079FB6C /* ParticleSystem.h */ = {isa = PBXFileReference; fileEncoding = 4; lastKnownFileType = sourcecode.c.h; name = ParticleSystem.h; path = src/ParticleSystem.h; sourceTree = SOURCE_ROOT; };
		091EFB44133AE2BD0079FB6C /* ParticleSystem.cpp */ = {isa = PBXFileReference; fileEncoding = 4; lastKnownFileType = sourcecode.cpp.cpp; name = ParticleSystem.cpp; path = src/ParticleSystem.cpp; sourceTree = SOURCE_ROOT; };
		091EFB4A133AE4360079FB6C /* BinParticle.h */ = {isa = PBXFileReference; fileEncoding = 4; lastKnownFileType = sourcecode.c.h; path = BinParticle.h; sourceTree = "<group>"; };
		09A0A08B13399C8C00586A14 /* ofxTuioClient.cpp */ = {isa = PBXFileReference; fileEncoding = 4; lastKnownFileType = sourcecode.cpp.cpp; name = ofxTuioClient.cpp; path = ofxTuioWrapper/src/ofxTuioClient.cpp; sourceTree = SOURCE_ROOT; };
		09A0A08C13399C8C00586A14 /* ofxTuioClient.h */ = {isa = PBXFileReference; fileEncoding = 4; lastKnownFileType = sourcecode.c.h; name = ofxTuioClient.h; path = ofxTuioWrapper/src/ofxTuioClient.h; sourceTree = SOURCE_ROOT; };
		09A0A08D13399C8C00586A14 /* ofxTuioServer.cpp */ = {isa = PBXFileReference; fileEncoding = 4; lastKnownFileType = sourcecode.cpp.cpp; name = ofxTuioServer.cpp; path = ofxTuioWrapper/src/ofxTuioServer.cpp; sourceTree = SOURCE_ROOT; };
		09A0A08E13399C8C00586A14 /* ofxTuioServer.h */ = {isa = PBXFileReference; fileEncoding = 4; lastKnownFileType = sourcecode.c.h; name = ofxTuioServer.h; path = ofxTuioWrapper/src/ofxTuioServer.h; sourceTree = SOURCE_ROOT; };
		09A0A0AD13399D3700586A14 /* TuioClient.cpp */ = {isa = PBXFileReference; fileEncoding = 4; lastKnownFileType = sourcecode.cpp.cpp; name = TuioClient.cpp; path = TUIO/TuioClient.cpp; sourceTree = SOURCE_ROOT; };
		09A0A0AE13399D3700586A14 /* TuioClient.h */ = {isa = PBXFileReference; fileEncoding = 4; lastKnownFileType = sourcecode.c.h; name = TuioClient.h; path = TUIO/TuioClient.h; sourceTree = SOURCE_ROOT; };
		09A0A0AF13399D3700586A14 /* LibExport.h */ = {isa = PBXFileReference; fileEncoding = 4; lastKnownFileType = sourcecode.c.h; name = LibExport.h; path = TUIO/LibExport.h; sourceTree = SOURCE_ROOT; };
		09A0A0B013399D3700586A14 /* OscSender.cpp */ = {isa = PBXFileReference; fileEncoding = 4; lastKnownFileType = sourcecode.cpp.cpp; name = OscSender.cpp; path = TUIO/OscSender.cpp; sourceTree = SOURCE_ROOT; };
		09A0A0B113399D3700586A14 /* OscSender.h */ = {isa = PBXFileReference; fileEncoding = 4; lastKnownFileType = sourcecode.c.h; name = OscSender.h; path = TUIO/OscSender.h; sourceTree = SOURCE_ROOT; };
		09A0A0B213399D3700586A14 /* TcpSender.cpp */ = {isa = PBXFileReference; fileEncoding = 4; lastKnownFileType = sourcecode.cpp.cpp; name = TcpSender.cpp; path = TUIO/TcpSender.cpp; sourceTree = SOURCE_ROOT; };
		09A0A0B313399D3700586A14 /* TcpSender.h */ = {isa = PBXFileReference; fileEncoding = 4; lastKnownFileType = sourcecode.c.h; name = TcpSender.h; path = TUIO/TcpSender.h; sourceTree = SOURCE_ROOT; };
		09A0A0B413399D3700586A14 /* TuioBlob.cpp */ = {isa = PBXFileReference; fileEncoding = 4; lastKnownFileType = sourcecode.cpp.cpp; name = TuioBlob.cpp; path = TUIO/TuioBlob.cpp; sourceTree = SOURCE_ROOT; };
		09A0A0B513399D3700586A14 /* TuioBlob.h */ = {isa = PBXFileReference; fileEncoding = 4; lastKnownFileType = sourcecode.c.h; name = TuioBlob.h; path = TUIO/TuioBlob.h; sourceTree = SOURCE_ROOT; };
		09A0A0B613399D3700586A14 /* TuioContainer.cpp */ = {isa = PBXFileReference; fileEncoding = 4; lastKnownFileType = sourcecode.cpp.cpp; name = TuioContainer.cpp; path = TUIO/TuioContainer.cpp; sourceTree = SOURCE_ROOT; };
		09A0A0B713399D3700586A14 /* TuioContainer.h */ = {isa = PBXFileReference; fileEncoding = 4; lastKnownFileType = sourcecode.c.h; name = TuioContainer.h; path = TUIO/TuioContainer.h; sourceTree = SOURCE_ROOT; };
		09A0A0B813399D3700586A14 /* TuioCursor.cpp */ = {isa = PBXFileReference; fileEncoding = 4; lastKnownFileType = sourcecode.cpp.cpp; name = TuioCursor.cpp; path = TUIO/TuioCursor.cpp; sourceTree = SOURCE_ROOT; };
		09A0A0B913399D3700586A14 /* TuioCursor.h */ = {isa = PBXFileReference; fileEncoding = 4; lastKnownFileType = sourcecode.c.h; name = TuioCursor.h; path = TUIO/TuioCursor.h; sourceTree = SOURCE_ROOT; };
		09A0A0BA13399D3700586A14 /* TuioDispatcher.cpp */ = {isa = PBXFileReference; fileEncoding = 4; lastKnownFileType = sourcecode.cpp.cpp; name = TuioDispatcher.cpp; path = TUIO/TuioDispatcher.cpp; sourceTree = SOURCE_ROOT; };
		09A0A0BB13399D3700586A14 /* TuioDispatcher.h */ = {isa = PBXFileReference; fileEncoding = 4; lastKnownFileType = sourcecode.c.h; name = TuioDispatcher.h; path = TUIO/TuioDispatcher.h; sourceTree = SOURCE_ROOT; };
		09A0A0BC13399D3700586A14 /* TuioListener.h */ = {isa = PBXFileReference; fileEncoding = 4; lastKnownFileType = sourcecode.c.h; name = TuioListener.h; path = TUIO/TuioListener.h; sourceTree = SOURCE_ROOT; };
		09A0A0BD13399D3700586A14 /* TuioManager.cpp */ = {isa = PBXFileReference; fileEncoding = 4; lastKnownFileType = sourcecode.cpp.cpp; name = TuioManager.cpp; path = TUIO/TuioManager.cpp; sourceTree = SOURCE_ROOT; };
		09A0A0BE13399D3700586A14 /* TuioManager.h */ = {isa = PBXFileReference; fileEncoding = 4; lastKnownFileType = sourcecode.c.h; name = TuioManager.h; path = TUIO/TuioManager.h; sourceTree = SOURCE_ROOT; };
		09A0A0BF13399D3700586A14 /* TuioObject.cpp */ = {isa = PBXFileReference; fileEncoding = 4; lastKnownFileType = sourcecode.cpp.cpp; name = TuioObject.cpp; path = TUIO/TuioObject.cpp; sourceTree = SOURCE_ROOT; };
		09A0A0C013399D3700586A14 /* TuioObject.h */ = {isa = PBXFileReference; fileEncoding = 4; lastKnownFileType = sourcecode.c.h; name = TuioObject.h; path = TUIO/TuioObject.h; sourceTree = SOURCE_ROOT; };
		09A0A0C113399D3700586A14 /* TuioPoint.cpp */ = {isa = PBXFileReference; fileEncoding = 4; lastKnownFileType = sourcecode.cpp.cpp; name = TuioPoint.cpp; path = TUIO/TuioPoint.cpp; sourceTree = SOURCE_ROOT; };
		09A0A0C213399D3700586A14 /* TuioPoint.h */ = {isa = PBXFileReference; fileEncoding = 4; lastKnownFileType = sourcecode.c.h; name = TuioPoint.h; path = TUIO/TuioPoint.h; sourceTree = SOURCE_ROOT; };
		09A0A0C313399D3700586A14 /* TuioServer.cpp */ = {isa = PBXFileReference; fileEncoding = 4; lastKnownFileType = sourcecode.cpp.cpp; name = TuioServer.cpp; path = TUIO/TuioServer.cpp; sourceTree = SOURCE_ROOT; };
		09A0A0C413399D3700586A14 /* TuioServer.h */ = {isa = PBXFileReference; fileEncoding = 4; lastKnownFileType = sourcecode.c.h; name = TuioServer.h; path = TUIO/TuioServer.h; sourceTree = SOURCE_ROOT; };
		09A0A0C513399D3700586A14 /* TuioTime.cpp */ = {isa = PBXFileReference; fileEncoding = 4; lastKnownFileType = sourcecode.cpp.cpp; name = TuioTime.cpp; path = TUIO/TuioTime.cpp; sourceTree = SOURCE_ROOT; };
		09A0A0C613399D3700586A14 /* TuioTime.h */ = {isa = PBXFileReference; fileEncoding = 4; lastKnownFileType = sourcecode.c.h; name = TuioTime.h; path = TUIO/TuioTime.h; sourceTree = SOURCE_ROOT; };
		09A0A0C713399D3700586A14 /* UdpSender.cpp */ = {isa = PBXFileReference; fileEncoding = 4; lastKnownFileType = sourcecode.cpp.cpp; name = UdpSender.cpp; path = TUIO/UdpSender.cpp; sourceTree = SOURCE_ROOT; };
		09A0A0C813399D3700586A14 /* UdpSender.h */ = {isa = PBXFileReference; fileEncoding = 4; lastKnownFileType = sourcecode.c.h; name = UdpSender.h; path = TUIO/UdpSender.h; sourceTree = SOURCE_ROOT; };
		09A0A0DF13399D4300586A14 /* IpEndpointName.h */ = {isa = PBXFileReference; fileEncoding = 4; lastKnownFileType = sourcecode.c.h; name = IpEndpointName.h; path = ofxOsc/libs/oscpack/include/ip/IpEndpointName.h; sourceTree = SOURCE_ROOT; };
		09A0A0E013399D4300586A14 /* NetworkingUtils.h */ = {isa = PBXFileReference; fileEncoding = 4; lastKnownFileType = sourcecode.c.h; name = NetworkingUtils.h; path = ofxOsc/libs/oscpack/include/ip/NetworkingUtils.h; sourceTree = SOURCE_ROOT; };
		09A0A0E113399D4300586A14 /* PacketListener.h */ = {isa = PBXFileReference; fileEncoding = 4; lastKnownFileType = sourcecode.c.h; name = PacketListener.h; path = ofxOsc/libs/oscpack/include/ip/PacketListener.h; sourceTree = SOURCE_ROOT; };
		09A0A0E213399D4300586A14 /* TimerListener.h */ = {isa = PBXFileReference; fileEncoding = 4; lastKnownFileType = sourcecode.c.h; name = TimerListener.h; path = ofxOsc/libs/oscpack/include/ip/TimerListener.h; sourceTree = SOURCE_ROOT; };
		09A0A0E313399D4300586A14 /* UdpSocket.h */ = {isa = PBXFileReference; fileEncoding = 4; lastKnownFileType = sourcecode.c.h; name = UdpSocket.h; path = ofxOsc/libs/oscpack/include/ip/UdpSocket.h; sourceTree = SOURCE_ROOT; };
		09A0A0E513399D4300586A14 /* MessageMappingOscPacketListener.h */ = {isa = PBXFileReference; fileEncoding = 4; lastKnownFileType = sourcecode.c.h; name = MessageMappingOscPacketListener.h; path = ofxOsc/libs/oscpack/include/osc/MessageMappingOscPacketListener.h; sourceTree = SOURCE_ROOT; };
		09A0A0E613399D4300586A14 /* OscException.h */ = {isa = PBXFileReference; fileEncoding = 4; lastKnownFileType = sourcecode.c.h; name = OscException.h; path = ofxOsc/libs/oscpack/include/osc/OscException.h; sourceTree = SOURCE_ROOT; };
		09A0A0E713399D4300586A14 /* OscHostEndianness.h */ = {isa = PBXFileReference; fileEncoding = 4; lastKnownFileType = sourcecode.c.h; name = OscHostEndianness.h; path = ofxOsc/libs/oscpack/include/osc/OscHostEndianness.h; sourceTree = SOURCE_ROOT; };
		09A0A0E813399D4300586A14 /* OscOutboundPacketStream.h */ = {isa = PBXFileReference; fileEncoding = 4; lastKnownFileType = sourcecode.c.h; name = OscOutboundPacketStream.h; path = ofxOsc/libs/oscpack/include/osc/OscOutboundPacketStream.h; sourceTree = SOURCE_ROOT; };
		09A0A0E913399D4300586A14 /* OscPacketListener.h */ = {isa = PBXFileReference; fileEncoding = 4; lastKnownFileType = sourcecode.c.h; name = OscPacketListener.h; path = ofxOsc/libs/oscpack/include/osc/OscPacketListener.h; sourceTree = SOURCE_ROOT; };
		09A0A0EA13399D4300586A14 /* OscPrintReceivedElements.h */ = {isa = PBXFileReference; fileEncoding = 4; lastKnownFileType = sourcecode.c.h; name = OscPrintReceivedElements.h; path = ofxOsc/libs/oscpack/include/osc/OscPrintReceivedElements.h; sourceTree = SOURCE_ROOT; };
		09A0A0EB13399D4300586A14 /* OscReceivedElements.h */ = {isa = PBXFileReference; fileEncoding = 4; lastKnownFileType = sourcecode.c.h; name = OscReceivedElements.h; path = ofxOsc/libs/oscpack/include/osc/OscReceivedElements.h; sourceTree = SOURCE_ROOT; };
		09A0A0EC13399D4300586A14 /* OscTypes.h */ = {isa = PBXFileReference; fileEncoding = 4; lastKnownFileType = sourcecode.c.h; name = OscTypes.h; path = ofxOsc/libs/oscpack/include/osc/OscTypes.h; sourceTree = SOURCE_ROOT; };
		09A0A0F013399D4300586A14 /* liboscpack.a */ = {isa = PBXFileReference; lastKnownFileType = archive.ar; name = liboscpack.a; path = ofxOsc/libs/oscpack/lib/android/arm7/liboscpack.a; sourceTree = SOURCE_ROOT; };
		09A0A0F113399D4300586A14 /* liboscpack.a */ = {isa = PBXFileReference; lastKnownFileType = archive.ar; name = liboscpack.a; path = ofxOsc/libs/oscpack/lib/android/liboscpack.a; sourceTree = SOURCE_ROOT; };
		09A0A0F313399D4300586A14 /* liboscpack.a */ = {isa = PBXFileReference; lastKnownFileType = archive.ar; name = liboscpack.a; path = ofxOsc/libs/oscpack/lib/linux/liboscpack.a; sourceTree = SOURCE_ROOT; };
		09A0A0F513399D4300586A14 /* liboscpack.a */ = {isa = PBXFileReference; lastKnownFileType = archive.ar; name = liboscpack.a; path = ofxOsc/libs/oscpack/lib/linux64/liboscpack.a; sourceTree = SOURCE_ROOT; };
		09A0A0F713399D4300586A14 /* osc.a */ = {isa = PBXFileReference; lastKnownFileType = archive.ar; name = osc.a; path = ofxOsc/libs/oscpack/lib/osx/osc.a; sourceTree = SOURCE_ROOT; };
		09A0A0F913399D4300586A14 /* oscpack.lib */ = {isa = PBXFileReference; lastKnownFileType = archive.ar; name = oscpack.lib; path = ofxOsc/libs/oscpack/lib/vs2010/oscpack.lib; sourceTree = SOURCE_ROOT; };
		09A0A0FA13399D4400586A14 /* oscpackd.lib */ = {isa = PBXFileReference; lastKnownFileType = archive.ar; name = oscpackd.lib; path = ofxOsc/libs/oscpack/lib/vs2010/oscpackd.lib; sourceTree = SOURCE_ROOT; };
		09A0A0FC13399D4400586A14 /* oscpack.a */ = {isa = PBXFileReference; lastKnownFileType = archive.ar; name = oscpack.a; path = ofxOsc/libs/oscpack/lib/win_cb/oscpack.a; sourceTree = SOURCE_ROOT; };
		09A0A0FE13399D4400586A14 /* ofxOsc.h */ = {isa = PBXFileReference; fileEncoding = 4; lastKnownFileType = sourcecode.c.h; name = ofxOsc.h; path = ofxOsc/src/ofxOsc.h; sourceTree = SOURCE_ROOT; };
		09A0A0FF13399D4400586A14 /* ofxOscArg.h */ = {isa = PBXFileReference; fileEncoding = 4; lastKnownFileType = sourcecode.c.h; name = ofxOscArg.h; path = ofxOsc/src/ofxOscArg.h; sourceTree = SOURCE_ROOT; };
		09A0A10013399D4400586A14 /* ofxOscBundle.cpp */ = {isa = PBXFileReference; fileEncoding = 4; lastKnownFileType = sourcecode.cpp.cpp; name = ofxOscBundle.cpp; path = ofxOsc/src/ofxOscBundle.cpp; sourceTree = SOURCE_ROOT; };
		09A0A10113399D4400586A14 /* ofxOscBundle.h */ = {isa = PBXFileReference; fileEncoding = 4; lastKnownFileType = sourcecode.c.h; name = ofxOscBundle.h; path = ofxOsc/src/ofxOscBundle.h; sourceTree = SOURCE_ROOT; };
		09A0A10213399D4400586A14 /* ofxOscMessage.cpp */ = {isa = PBXFileReference; fileEncoding = 4; lastKnownFileType = sourcecode.cpp.cpp; name = ofxOscMessage.cpp; path = ofxOsc/src/ofxOscMessage.cpp; sourceTree = SOURCE_ROOT; };
		09A0A10313399D4400586A14 /* ofxOscMessage.h */ = {isa = PBXFileReference; fileEncoding = 4; lastKnownFileType = sourcecode.c.h; name = ofxOscMessage.h; path = ofxOsc/src/ofxOscMessage.h; sourceTree = SOURCE_ROOT; };
		09A0A10413399D4400586A14 /* ofxOscReceiver.cpp */ = {isa = PBXFileReference; fileEncoding = 4; lastKnownFileType = sourcecode.cpp.cpp; name = ofxOscReceiver.cpp; path = ofxOsc/src/ofxOscReceiver.cpp; sourceTree = SOURCE_ROOT; };
		09A0A10513399D4400586A14 /* ofxOscReceiver.h */ = {isa = PBXFileReference; fileEncoding = 4; lastKnownFileType = sourcecode.c.h; name = ofxOscReceiver.h; path = ofxOsc/src/ofxOscReceiver.h; sourceTree = SOURCE_ROOT; };
		09A0A10613399D4400586A14 /* ofxOscSender.cpp */ = {isa = PBXFileReference; fileEncoding = 4; lastKnownFileType = sourcecode.cpp.cpp; name = ofxOscSender.cpp; path = ofxOsc/src/ofxOscSender.cpp; sourceTree = SOURCE_ROOT; };
		09A0A10713399D4400586A14 /* ofxOscSender.h */ = {isa = PBXFileReference; fileEncoding = 4; lastKnownFileType = sourcecode.c.h; name = ofxOscSender.h; path = ofxOsc/src/ofxOscSender.h; sourceTree = SOURCE_ROOT; };
		09A0A1E81339A67F00586A14 /* install.xml */ = {isa = PBXFileReference; fileEncoding = 4; lastKnownFileType = text.xml; name = install.xml; path = ofxVectorMath/install.xml; sourceTree = SOURCE_ROOT; };
		09A0A1EA1339A67F00586A14 /* ofxMatrix3x3.cpp */ = {isa = PBXFileReference; fileEncoding = 4; lastKnownFileType = sourcecode.cpp.cpp; name = ofxMatrix3x3.cpp; path = ofxVectorMath/src/ofxMatrix3x3.cpp; sourceTree = SOURCE_ROOT; };
		09A0A1EB1339A67F00586A14 /* ofxMatrix3x3.h */ = {isa = PBXFileReference; fileEncoding = 4; lastKnownFileType = sourcecode.c.h; name = ofxMatrix3x3.h; path = ofxVectorMath/src/ofxMatrix3x3.h; sourceTree = SOURCE_ROOT; };
		09A0A1EC1339A67F00586A14 /* ofxMatrix4x4.cpp */ = {isa = PBXFileReference; fileEncoding = 4; lastKnownFileType = sourcecode.cpp.cpp; name = ofxMatrix4x4.cpp; path = ofxVectorMath/src/ofxMatrix4x4.cpp; sourceTree = SOURCE_ROOT; };
		09A0A1ED1339A67F00586A14 /* ofxMatrix4x4.h */ = {isa = PBXFileReference; fileEncoding = 4; lastKnownFileType = sourcecode.c.h; name = ofxMatrix4x4.h; path = ofxVectorMath/src/ofxMatrix4x4.h; sourceTree = SOURCE_ROOT; };
		09A0A1EE1339A67F00586A14 /* ofxPoint2f.h */ = {isa = PBXFileReference; fileEncoding = 4; lastKnownFileType = sourcecode.c.h; name = ofxPoint2f.h; path = ofxVectorMath/src/ofxPoint2f.h; sourceTree = SOURCE_ROOT; };
		09A0A1EF1339A67F00586A14 /* ofxPoint3f.h */ = {isa = PBXFileReference; fileEncoding = 4; lastKnownFileType = sourcecode.c.h; name = ofxPoint3f.h; path = ofxVectorMath/src/ofxPoint3f.h; sourceTree = SOURCE_ROOT; };
		09A0A1F01339A67F00586A14 /* ofxPoint4f.h */ = {isa = PBXFileReference; fileEncoding = 4; lastKnownFileType = sourcecode.c.h; name = ofxPoint4f.h; path = ofxVectorMath/src/ofxPoint4f.h; sourceTree = SOURCE_ROOT; };
		09A0A1F11339A67F00586A14 /* ofxQuaternion.cpp */ = {isa = PBXFileReference; fileEncoding = 4; lastKnownFileType = sourcecode.cpp.cpp; name = ofxQuaternion.cpp; path = ofxVectorMath/src/ofxQuaternion.cpp; sourceTree = SOURCE_ROOT; };
		09A0A1F21339A67F00586A14 /* ofxQuaternion.h */ = {isa = PBXFileReference; fileEncoding = 4; lastKnownFileType = sourcecode.c.h; name = ofxQuaternion.h; path = ofxVectorMath/src/ofxQuaternion.h; sourceTree = SOURCE_ROOT; };
		09A0A1F31339A67F00586A14 /* ofxVec2f.h */ = {isa = PBXFileReference; fileEncoding = 4; lastKnownFileType = sourcecode.c.h; name = ofxVec2f.h; path = ofxVectorMath/src/ofxVec2f.h; sourceTree = SOURCE_ROOT; };
		09A0A1F41339A67F00586A14 /* ofxVec3f.h */ = {isa = PBXFileReference; fileEncoding = 4; lastKnownFileType = sourcecode.c.h; name = ofxVec3f.h; path = ofxVectorMath/src/ofxVec3f.h; sourceTree = SOURCE_ROOT; };
		09A0A1F51339A67F00586A14 /* ofxVec4f.h */ = {isa = PBXFileReference; fileEncoding = 4; lastKnownFileType = sourcecode.c.h; name = ofxVec4f.h; path = ofxVectorMath/src/ofxVec4f.h; sourceTree = SOURCE_ROOT; };
		09A0A1F61339A67F00586A14 /* ofxVectorMath.h */ = {isa = PBXFileReference; fileEncoding = 4; lastKnownFileType = sourcecode.c.h; name = ofxVectorMath.h; path = ofxVectorMath/src/ofxVectorMath.h; sourceTree = SOURCE_ROOT; };
		09A0A1FB1339A69300586A14 /* Particle.h */ = {isa = PBXFileReference; fileEncoding = 4; lastKnownFileType = sourcecode.c.h; path = Particle.h; sourceTree = "<group>"; };
		09A0A1FC1339A69300586A14 /* Particle.cpp */ = {isa = PBXFileReference; fileEncoding = 4; lastKnownFileType = sourcecode.cpp.cpp; path = Particle.cpp; sourceTree = "<group>"; };
		09A0A1FE1339AA2600586A14 /* Emitter.h */ = {isa = PBXFileReference; fileEncoding = 4; lastKnownFileType = sourcecode.c.h; path = Emitter.h; sourceTree = "<group>"; };
		09A0A1FF1339AA2600586A14 /* Emitter.cpp */ = {isa = PBXFileReference; fileEncoding = 4; lastKnownFileType = sourcecode.cpp.cpp; path = Emitter.cpp; sourceTree = "<group>"; };
		0A975D04133AAF34001EEBE9 /* kid.cpp */ = {isa = PBXFileReference; fileEncoding = 4; lastKnownFileType = sourcecode.cpp.cpp; path = kid.cpp; sourceTree = "<group>"; };
		0A975D05133AAF34001EEBE9 /* kid.h */ = {isa = PBXFileReference; fileEncoding = 4; lastKnownFileType = sourcecode.c.h; path = kid.h; sourceTree = "<group>"; };
		0A975D06133AAF34001EEBE9 /* monster.cpp */ = {isa = PBXFileReference; fileEncoding = 4; lastKnownFileType = sourcecode.cpp.cpp; path = monster.cpp; sourceTree = "<group>"; };
		0A975D07133AAF34001EEBE9 /* monster.h */ = {isa = PBXFileReference; fileEncoding = 4; lastKnownFileType = sourcecode.c.h; path = monster.h; sourceTree = "<group>"; };
		0A975D0B133AAF49001EEBE9 /* ofxImageSequence.cpp */ = {isa = PBXFileReference; fileEncoding = 4; lastKnownFileType = sourcecode.cpp.cpp; path = ofxImageSequence.cpp; sourceTree = "<group>"; };
		0A975D0C133AAF49001EEBE9 /* ofxImageSequence.h */ = {isa = PBXFileReference; fileEncoding = 4; lastKnownFileType = sourcecode.c.h; path = ofxImageSequence.h; sourceTree = "<group>"; };
		E45BE0390E8CC647009D7055 /* FreeImage.h */ = {isa = PBXFileReference; fileEncoding = 4; lastKnownFileType = sourcecode.c.h; name = FreeImage.h; path = ../../../libs/freeimage/include/FreeImage.h; sourceTree = SOURCE_ROOT; };
		E45BE03F0E8CC650009D7055 /* fmod.h */ = {isa = PBXFileReference; fileEncoding = 4; lastKnownFileType = sourcecode.c.h; name = fmod.h; path = ../../../libs/fmodex/include/fmod.h; sourceTree = SOURCE_ROOT; };
		E45BE0400E8CC650009D7055 /* fmod.hpp */ = {isa = PBXFileReference; fileEncoding = 4; lastKnownFileType = sourcecode.cpp.h; name = fmod.hpp; path = ../../../libs/fmodex/include/fmod.hpp; sourceTree = SOURCE_ROOT; };
		E45BE0410E8CC650009D7055 /* fmod_codec.h */ = {isa = PBXFileReference; fileEncoding = 4; lastKnownFileType = sourcecode.c.h; name = fmod_codec.h; path = ../../../libs/fmodex/include/fmod_codec.h; sourceTree = SOURCE_ROOT; };
		E45BE0420E8CC650009D7055 /* fmod_dsp.h */ = {isa = PBXFileReference; fileEncoding = 4; lastKnownFileType = sourcecode.c.h; name = fmod_dsp.h; path = ../../../libs/fmodex/include/fmod_dsp.h; sourceTree = SOURCE_ROOT; };
		E45BE0430E8CC650009D7055 /* fmod_errors.h */ = {isa = PBXFileReference; fileEncoding = 4; lastKnownFileType = sourcecode.c.h; name = fmod_errors.h; path = ../../../libs/fmodex/include/fmod_errors.h; sourceTree = SOURCE_ROOT; };
		E45BE0440E8CC650009D7055 /* fmod_output.h */ = {isa = PBXFileReference; fileEncoding = 4; lastKnownFileType = sourcecode.c.h; name = fmod_output.h; path = ../../../libs/fmodex/include/fmod_output.h; sourceTree = SOURCE_ROOT; };
		E45BE0A70E8CC67C009D7055 /* GLee.h */ = {isa = PBXFileReference; fileEncoding = 4; lastKnownFileType = sourcecode.c.h; name = GLee.h; path = ../../../libs/GLee/include/GLee.h; sourceTree = SOURCE_ROOT; };
		E45BE0A90E8CC67C009D7055 /* GLee.a */ = {isa = PBXFileReference; lastKnownFileType = archive.ar; name = GLee.a; path = ../../../libs/GLee/lib/osx/GLee.a; sourceTree = SOURCE_ROOT; };
		E45BE2E00E8CC69C009D7055 /* RtAudio.h */ = {isa = PBXFileReference; fileEncoding = 4; lastKnownFileType = sourcecode.c.h; name = RtAudio.h; path = ../../../libs/rtAudio/include/RtAudio.h; sourceTree = SOURCE_ROOT; };
		E45BE2E10E8CC69C009D7055 /* RtError.h */ = {isa = PBXFileReference; fileEncoding = 4; lastKnownFileType = sourcecode.c.h; name = RtError.h; path = ../../../libs/rtAudio/include/RtError.h; sourceTree = SOURCE_ROOT; };
		E45BE2E30E8CC69C009D7055 /* rtAudio.a */ = {isa = PBXFileReference; lastKnownFileType = archive.ar; name = rtAudio.a; path = ../../../libs/rtAudio/lib/osx/rtAudio.a; sourceTree = SOURCE_ROOT; };
		E45BE9710E8CC7DD009D7055 /* AGL.framework */ = {isa = PBXFileReference; lastKnownFileType = wrapper.framework; name = AGL.framework; path = /System/Library/Frameworks/AGL.framework; sourceTree = "<absolute>"; };
		E45BE9720E8CC7DD009D7055 /* ApplicationServices.framework */ = {isa = PBXFileReference; lastKnownFileType = wrapper.framework; name = ApplicationServices.framework; path = /System/Library/Frameworks/ApplicationServices.framework; sourceTree = "<absolute>"; };
		E45BE9730E8CC7DD009D7055 /* AudioToolbox.framework */ = {isa = PBXFileReference; lastKnownFileType = wrapper.framework; name = AudioToolbox.framework; path = /System/Library/Frameworks/AudioToolbox.framework; sourceTree = "<absolute>"; };
		E45BE9740E8CC7DD009D7055 /* Carbon.framework */ = {isa = PBXFileReference; lastKnownFileType = wrapper.framework; name = Carbon.framework; path = /System/Library/Frameworks/Carbon.framework; sourceTree = "<absolute>"; };
		E45BE9750E8CC7DD009D7055 /* CoreAudio.framework */ = {isa = PBXFileReference; lastKnownFileType = wrapper.framework; name = CoreAudio.framework; path = /System/Library/Frameworks/CoreAudio.framework; sourceTree = "<absolute>"; };
		E45BE9760E8CC7DD009D7055 /* CoreFoundation.framework */ = {isa = PBXFileReference; lastKnownFileType = wrapper.framework; name = CoreFoundation.framework; path = /System/Library/Frameworks/CoreFoundation.framework; sourceTree = "<absolute>"; };
		E45BE9770E8CC7DD009D7055 /* CoreServices.framework */ = {isa = PBXFileReference; lastKnownFileType = wrapper.framework; name = CoreServices.framework; path = /System/Library/Frameworks/CoreServices.framework; sourceTree = "<absolute>"; };
		E45BE9790E8CC7DD009D7055 /* OpenGL.framework */ = {isa = PBXFileReference; lastKnownFileType = wrapper.framework; name = OpenGL.framework; path = /System/Library/Frameworks/OpenGL.framework; sourceTree = "<absolute>"; };
		E45BE97A0E8CC7DD009D7055 /* QuickTime.framework */ = {isa = PBXFileReference; lastKnownFileType = wrapper.framework; name = QuickTime.framework; path = /System/Library/Frameworks/QuickTime.framework; sourceTree = "<absolute>"; };
		E4B69B5B0A3A1756003C02F2 /* Paracosm.app */ = {isa = PBXFileReference; explicitFileType = wrapper.application; includeInIndex = 0; path = Paracosm.app; sourceTree = BUILT_PRODUCTS_DIR; };
		E4B69E1D0A3A1BDC003C02F2 /* main.cpp */ = {isa = PBXFileReference; fileEncoding = 30; lastKnownFileType = sourcecode.cpp.cpp; name = main.cpp; path = src/main.cpp; sourceTree = SOURCE_ROOT; };
		E4B69E1E0A3A1BDC003C02F2 /* testApp.cpp */ = {isa = PBXFileReference; explicitFileType = sourcecode.cpp.cpp; fileEncoding = 30; name = testApp.cpp; path = src/testApp.cpp; sourceTree = SOURCE_ROOT; };
		E4B69E1F0A3A1BDC003C02F2 /* testApp.h */ = {isa = PBXFileReference; fileEncoding = 30; lastKnownFileType = sourcecode.c.h; name = testApp.h; path = src/testApp.h; sourceTree = SOURCE_ROOT; };
		E4B6FCAD0C3E899E008CF71C /* openFrameworks-Info.plist */ = {isa = PBXFileReference; fileEncoding = 30; lastKnownFileType = text.plist.xml; path = "openFrameworks-Info.plist"; sourceTree = "<group>"; };
		E4C2421610CC549C004149E2 /* openFrameworksLib.xcodeproj */ = {isa = PBXFileReference; lastKnownFileType = "wrapper.pb-project"; name = openFrameworksLib.xcodeproj; path = ../../../libs/openFrameworksCompiled/project/osx/openFrameworksLib.xcodeproj; sourceTree = SOURCE_ROOT; };
		E4C2424410CC5A17004149E2 /* AppKit.framework */ = {isa = PBXFileReference; lastKnownFileType = wrapper.framework; name = AppKit.framework; path = /System/Library/Frameworks/AppKit.framework; sourceTree = "<absolute>"; };
		E4C2424510CC5A17004149E2 /* Cocoa.framework */ = {isa = PBXFileReference; lastKnownFileType = wrapper.framework; name = Cocoa.framework; path = /System/Library/Frameworks/Cocoa.framework; sourceTree = "<absolute>"; };
		E4C2424610CC5A17004149E2 /* IOKit.framework */ = {isa = PBXFileReference; lastKnownFileType = wrapper.framework; name = IOKit.framework; path = /System/Library/Frameworks/IOKit.framework; sourceTree = "<absolute>"; };
		E4C2425F10CC5A78004149E2 /* GLUT.framework */ = {isa = PBXFileReference; lastKnownFileType = wrapper.framework; name = GLUT.framework; path = ../../../libs/glut/lib/osx/GLUT.framework; sourceTree = SOURCE_ROOT; };
		E4C2427A10CC5B66004149E2 /* CppUnit.a */ = {isa = PBXFileReference; lastKnownFileType = archive.ar; name = CppUnit.a; path = ../../../libs/poco/lib/osx/CppUnit.a; sourceTree = SOURCE_ROOT; };
		E4C2427B10CC5B66004149E2 /* PocoFoundation.a */ = {isa = PBXFileReference; lastKnownFileType = archive.ar; name = PocoFoundation.a; path = ../../../libs/poco/lib/osx/PocoFoundation.a; sourceTree = SOURCE_ROOT; };
		E4C2427C10CC5B66004149E2 /* PocoNet.a */ = {isa = PBXFileReference; lastKnownFileType = archive.ar; name = PocoNet.a; path = ../../../libs/poco/lib/osx/PocoNet.a; sourceTree = SOURCE_ROOT; };
		E4C2427D10CC5B66004149E2 /* PocoUtil.a */ = {isa = PBXFileReference; lastKnownFileType = archive.ar; name = PocoUtil.a; path = ../../../libs/poco/lib/osx/PocoUtil.a; sourceTree = SOURCE_ROOT; };
		E4C2427E10CC5B66004149E2 /* PocoXML.a */ = {isa = PBXFileReference; lastKnownFileType = archive.ar; name = PocoXML.a; path = ../../../libs/poco/lib/osx/PocoXML.a; sourceTree = SOURCE_ROOT; };
		E4C2429310CC5C38004149E2 /* freetype.a */ = {isa = PBXFileReference; lastKnownFileType = archive.ar; name = freetype.a; path = ../../../libs/freetype/lib/osx/freetype.a; sourceTree = SOURCE_ROOT; };
		E4C242CC10CC650E004149E2 /* libfmodex.dylib */ = {isa = PBXFileReference; lastKnownFileType = "compiled.mach-o.dylib"; name = libfmodex.dylib; path = ../../../libs/fmodex/lib/osx/libfmodex.dylib; sourceTree = SOURCE_ROOT; };
		E4C246D910CCAE22004149E2 /* freeimage.a */ = {isa = PBXFileReference; lastKnownFileType = archive.ar; name = freeimage.a; path = ../../../libs/FreeImage/lib/osx/freeimage.a; sourceTree = SOURCE_ROOT; };
/* End PBXFileReference section */

/* Begin PBXFrameworksBuildPhase section */
		E4B69B590A3A1756003C02F2 /* Frameworks */ = {
			isa = PBXFrameworksBuildPhase;
			buildActionMask = 2147483647;
			files = (
				E4C2422B10CC554B004149E2 /* openFrameworksDebug.a in Frameworks */,
				E45BE0AA0E8CC67C009D7055 /* GLee.a in Frameworks */,
				E45BE2E40E8CC69C009D7055 /* rtAudio.a in Frameworks */,
				E45BE97B0E8CC7DD009D7055 /* AGL.framework in Frameworks */,
				E45BE97C0E8CC7DD009D7055 /* ApplicationServices.framework in Frameworks */,
				E45BE97D0E8CC7DD009D7055 /* AudioToolbox.framework in Frameworks */,
				E45BE97E0E8CC7DD009D7055 /* Carbon.framework in Frameworks */,
				E45BE97F0E8CC7DD009D7055 /* CoreAudio.framework in Frameworks */,
				E45BE9800E8CC7DD009D7055 /* CoreFoundation.framework in Frameworks */,
				E45BE9810E8CC7DD009D7055 /* CoreServices.framework in Frameworks */,
				E45BE9830E8CC7DD009D7055 /* OpenGL.framework in Frameworks */,
				E45BE9840E8CC7DD009D7055 /* QuickTime.framework in Frameworks */,
				E4C2424710CC5A17004149E2 /* AppKit.framework in Frameworks */,
				E4C2424810CC5A17004149E2 /* Cocoa.framework in Frameworks */,
				E4C2424910CC5A17004149E2 /* IOKit.framework in Frameworks */,
				E4C2426610CC5A78004149E2 /* GLUT.framework in Frameworks */,
				E4C2427F10CC5B66004149E2 /* CppUnit.a in Frameworks */,
				E4C2428010CC5B66004149E2 /* PocoFoundation.a in Frameworks */,
				E4C2428110CC5B66004149E2 /* PocoNet.a in Frameworks */,
				E4C2428210CC5B66004149E2 /* PocoUtil.a in Frameworks */,
				E4C2428310CC5B66004149E2 /* PocoXML.a in Frameworks */,
				E4C2429410CC5C38004149E2 /* freetype.a in Frameworks */,
				E4C242CD10CC650E004149E2 /* libfmodex.dylib in Frameworks */,
				E4C246DA10CCAE22004149E2 /* freeimage.a in Frameworks */,
				09A0A10813399D4400586A14 /* liboscpack.a in Frameworks */,
				09A0A10913399D4400586A14 /* liboscpack.a in Frameworks */,
				09A0A10A13399D4400586A14 /* liboscpack.a in Frameworks */,
				09A0A10B13399D4400586A14 /* liboscpack.a in Frameworks */,
				09A0A10C13399D4400586A14 /* osc.a in Frameworks */,
				09A0A10D13399D4400586A14 /* oscpack.lib in Frameworks */,
				09A0A10E13399D4400586A14 /* oscpackd.lib in Frameworks */,
				09A0A10F13399D4400586A14 /* oscpack.a in Frameworks */,
			);
			runOnlyForDeploymentPostprocessing = 0;
		};
/* End PBXFrameworksBuildPhase section */

/* Begin PBXGroup section */
		09A0A08913399C8C00586A14 /* ofxTuioWrapper */ = {
			isa = PBXGroup;
			children = (
				09A0A08A13399C8C00586A14 /* src */,
			);
			path = ofxTuioWrapper;
			sourceTree = SOURCE_ROOT;
		};
		09A0A08A13399C8C00586A14 /* src */ = {
			isa = PBXGroup;
			children = (
				09A0A08B13399C8C00586A14 /* ofxTuioClient.cpp */,
				09A0A08C13399C8C00586A14 /* ofxTuioClient.h */,
				09A0A08D13399C8C00586A14 /* ofxTuioServer.cpp */,
				09A0A08E13399C8C00586A14 /* ofxTuioServer.h */,
			);
			name = src;
			path = ofxTuioWrapper/src;
			sourceTree = SOURCE_ROOT;
		};
		09A0A0AC13399D3700586A14 /* TUIO */ = {
			isa = PBXGroup;
			children = (
				09A0A0AD13399D3700586A14 /* TuioClient.cpp */,
				09A0A0AE13399D3700586A14 /* TuioClient.h */,
				09A0A0AF13399D3700586A14 /* LibExport.h */,
				09A0A0B013399D3700586A14 /* OscSender.cpp */,
				09A0A0B113399D3700586A14 /* OscSender.h */,
				09A0A0B213399D3700586A14 /* TcpSender.cpp */,
				09A0A0B313399D3700586A14 /* TcpSender.h */,
				09A0A0B413399D3700586A14 /* TuioBlob.cpp */,
				09A0A0B513399D3700586A14 /* TuioBlob.h */,
				09A0A0B613399D3700586A14 /* TuioContainer.cpp */,
				09A0A0B713399D3700586A14 /* TuioContainer.h */,
				09A0A0B813399D3700586A14 /* TuioCursor.cpp */,
				09A0A0B913399D3700586A14 /* TuioCursor.h */,
				09A0A0BA13399D3700586A14 /* TuioDispatcher.cpp */,
				09A0A0BB13399D3700586A14 /* TuioDispatcher.h */,
				09A0A0BC13399D3700586A14 /* TuioListener.h */,
				09A0A0BD13399D3700586A14 /* TuioManager.cpp */,
				09A0A0BE13399D3700586A14 /* TuioManager.h */,
				09A0A0BF13399D3700586A14 /* TuioObject.cpp */,
				09A0A0C013399D3700586A14 /* TuioObject.h */,
				09A0A0C113399D3700586A14 /* TuioPoint.cpp */,
				09A0A0C213399D3700586A14 /* TuioPoint.h */,
				09A0A0C313399D3700586A14 /* TuioServer.cpp */,
				09A0A0C413399D3700586A14 /* TuioServer.h */,
				09A0A0C513399D3700586A14 /* TuioTime.cpp */,
				09A0A0C613399D3700586A14 /* TuioTime.h */,
				09A0A0C713399D3700586A14 /* UdpSender.cpp */,
				09A0A0C813399D3700586A14 /* UdpSender.h */,
			);
			path = TUIO;
			sourceTree = SOURCE_ROOT;
		};
		09A0A0DA13399D4300586A14 /* ofxOsc */ = {
			isa = PBXGroup;
			children = (
				09A0A0DB13399D4300586A14 /* libs */,
				09A0A0FD13399D4400586A14 /* src */,
			);
			path = ofxOsc;
			sourceTree = SOURCE_ROOT;
		};
		09A0A0DB13399D4300586A14 /* libs */ = {
			isa = PBXGroup;
			children = (
				09A0A0DC13399D4300586A14 /* oscpack */,
			);
			name = libs;
			path = ofxOsc/libs;
			sourceTree = SOURCE_ROOT;
		};
		09A0A0DC13399D4300586A14 /* oscpack */ = {
			isa = PBXGroup;
			children = (
				09A0A0DD13399D4300586A14 /* include */,
				09A0A0ED13399D4300586A14 /* lib */,
			);
			name = oscpack;
			path = ofxOsc/libs/oscpack;
			sourceTree = SOURCE_ROOT;
		};
		09A0A0DD13399D4300586A14 /* include */ = {
			isa = PBXGroup;
			children = (
				09A0A0DE13399D4300586A14 /* ip */,
				09A0A0E413399D4300586A14 /* osc */,
			);
			name = include;
			path = ofxOsc/libs/oscpack/include;
			sourceTree = SOURCE_ROOT;
		};
		09A0A0DE13399D4300586A14 /* ip */ = {
			isa = PBXGroup;
			children = (
				09A0A0DF13399D4300586A14 /* IpEndpointName.h */,
				09A0A0E013399D4300586A14 /* NetworkingUtils.h */,
				09A0A0E113399D4300586A14 /* PacketListener.h */,
				09A0A0E213399D4300586A14 /* TimerListener.h */,
				09A0A0E313399D4300586A14 /* UdpSocket.h */,
			);
			name = ip;
			path = ofxOsc/libs/oscpack/include/ip;
			sourceTree = SOURCE_ROOT;
		};
		09A0A0E413399D4300586A14 /* osc */ = {
			isa = PBXGroup;
			children = (
				09A0A0E513399D4300586A14 /* MessageMappingOscPacketListener.h */,
				09A0A0E613399D4300586A14 /* OscException.h */,
				09A0A0E713399D4300586A14 /* OscHostEndianness.h */,
				09A0A0E813399D4300586A14 /* OscOutboundPacketStream.h */,
				09A0A0E913399D4300586A14 /* OscPacketListener.h */,
				09A0A0EA13399D4300586A14 /* OscPrintReceivedElements.h */,
				09A0A0EB13399D4300586A14 /* OscReceivedElements.h */,
				09A0A0EC13399D4300586A14 /* OscTypes.h */,
			);
			name = osc;
			path = ofxOsc/libs/oscpack/include/osc;
			sourceTree = SOURCE_ROOT;
		};
		09A0A0ED13399D4300586A14 /* lib */ = {
			isa = PBXGroup;
			children = (
				09A0A0EE13399D4300586A14 /* android */,
				09A0A0F213399D4300586A14 /* linux */,
				09A0A0F413399D4300586A14 /* linux64 */,
				09A0A0F613399D4300586A14 /* osx */,
				09A0A0F813399D4300586A14 /* vs2010 */,
				09A0A0FB13399D4400586A14 /* win_cb */,
			);
			name = lib;
			path = ofxOsc/libs/oscpack/lib;
			sourceTree = SOURCE_ROOT;
		};
		09A0A0EE13399D4300586A14 /* android */ = {
			isa = PBXGroup;
			children = (
				09A0A0EF13399D4300586A14 /* arm7 */,
				09A0A0F113399D4300586A14 /* liboscpack.a */,
			);
			name = android;
			path = ofxOsc/libs/oscpack/lib/android;
			sourceTree = SOURCE_ROOT;
		};
		09A0A0EF13399D4300586A14 /* arm7 */ = {
			isa = PBXGroup;
			children = (
				09A0A0F013399D4300586A14 /* liboscpack.a */,
			);
			name = arm7;
			path = ofxOsc/libs/oscpack/lib/android/arm7;
			sourceTree = SOURCE_ROOT;
		};
		09A0A0F213399D4300586A14 /* linux */ = {
			isa = PBXGroup;
			children = (
				09A0A0F313399D4300586A14 /* liboscpack.a */,
			);
			name = linux;
			path = ofxOsc/libs/oscpack/lib/linux;
			sourceTree = SOURCE_ROOT;
		};
		09A0A0F413399D4300586A14 /* linux64 */ = {
			isa = PBXGroup;
			children = (
				09A0A0F513399D4300586A14 /* liboscpack.a */,
			);
			name = linux64;
			path = ofxOsc/libs/oscpack/lib/linux64;
			sourceTree = SOURCE_ROOT;
		};
		09A0A0F613399D4300586A14 /* osx */ = {
			isa = PBXGroup;
			children = (
				09A0A0F713399D4300586A14 /* osc.a */,
			);
			name = osx;
			path = ofxOsc/libs/oscpack/lib/osx;
			sourceTree = SOURCE_ROOT;
		};
		09A0A0F813399D4300586A14 /* vs2010 */ = {
			isa = PBXGroup;
			children = (
				09A0A0F913399D4300586A14 /* oscpack.lib */,
				09A0A0FA13399D4400586A14 /* oscpackd.lib */,
			);
			name = vs2010;
			path = ofxOsc/libs/oscpack/lib/vs2010;
			sourceTree = SOURCE_ROOT;
		};
		09A0A0FB13399D4400586A14 /* win_cb */ = {
			isa = PBXGroup;
			children = (
				09A0A0FC13399D4400586A14 /* oscpack.a */,
			);
			name = win_cb;
			path = ofxOsc/libs/oscpack/lib/win_cb;
			sourceTree = SOURCE_ROOT;
		};
		09A0A0FD13399D4400586A14 /* src */ = {
			isa = PBXGroup;
			children = (
				09A0A0FE13399D4400586A14 /* ofxOsc.h */,
				09A0A0FF13399D4400586A14 /* ofxOscArg.h */,
				09A0A10013399D4400586A14 /* ofxOscBundle.cpp */,
				09A0A10113399D4400586A14 /* ofxOscBundle.h */,
				09A0A10213399D4400586A14 /* ofxOscMessage.cpp */,
				09A0A10313399D4400586A14 /* ofxOscMessage.h */,
				09A0A10413399D4400586A14 /* ofxOscReceiver.cpp */,
				09A0A10513399D4400586A14 /* ofxOscReceiver.h */,
				09A0A10613399D4400586A14 /* ofxOscSender.cpp */,
				09A0A10713399D4400586A14 /* ofxOscSender.h */,
			);
			name = src;
			path = ofxOsc/src;
			sourceTree = SOURCE_ROOT;
		};
		09A0A1E71339A67F00586A14 /* ofxVectorMath */ = {
			isa = PBXGroup;
			children = (
				09A0A1E81339A67F00586A14 /* install.xml */,
				09A0A1E91339A67F00586A14 /* src */,
			);
			path = ofxVectorMath;
			sourceTree = SOURCE_ROOT;
		};
		09A0A1E91339A67F00586A14 /* src */ = {
			isa = PBXGroup;
			children = (
				09A0A1EA1339A67F00586A14 /* ofxMatrix3x3.cpp */,
				09A0A1EB1339A67F00586A14 /* ofxMatrix3x3.h */,
				09A0A1EC1339A67F00586A14 /* ofxMatrix4x4.cpp */,
				09A0A1ED1339A67F00586A14 /* ofxMatrix4x4.h */,
				09A0A1EE1339A67F00586A14 /* ofxPoint2f.h */,
				09A0A1EF1339A67F00586A14 /* ofxPoint3f.h */,
				09A0A1F01339A67F00586A14 /* ofxPoint4f.h */,
				09A0A1F11339A67F00586A14 /* ofxQuaternion.cpp */,
				09A0A1F21339A67F00586A14 /* ofxQuaternion.h */,
				09A0A1F31339A67F00586A14 /* ofxVec2f.h */,
				09A0A1F41339A67F00586A14 /* ofxVec3f.h */,
				09A0A1F51339A67F00586A14 /* ofxVec4f.h */,
				09A0A1F61339A67F00586A14 /* ofxVectorMath.h */,
			);
			name = src;
			path = ofxVectorMath/src;
			sourceTree = SOURCE_ROOT;
		};
		0A975D0A133AAF49001EEBE9 /* ofxImageSequence */ = {
			isa = PBXGroup;
			children = (
				0A975D0B133AAF49001EEBE9 /* ofxImageSequence.cpp */,
				0A975D0C133AAF49001EEBE9 /* ofxImageSequence.h */,
			);
			name = ofxImageSequence;
			path = addons/ofxImageSequence;
			sourceTree = "<group>";
		};
		BB4B014C10F69532006C3DED /* addons */ = {
			isa = PBXGroup;
			children = (
				0A975D0A133AAF49001EEBE9 /* ofxImageSequence */,
				09A0A1E71339A67F00586A14 /* ofxVectorMath */,
				09A0A0DA13399D4300586A14 /* ofxOsc */,
				09A0A0AC13399D3700586A14 /* TUIO */,
				09A0A08913399C8C00586A14 /* ofxTuioWrapper */,
			);
			name = addons;
			sourceTree = "<group>";
		};
		E45BE0360E8CC5DE009D7055 /* libs */ = {
			isa = PBXGroup;
			children = (
				E45BEED60E8CCB34009D7055 /* core */,
			);
			name = libs;
			sourceTree = "<group>";
		};
		E45BE0370E8CC647009D7055 /* freeimage */ = {
			isa = PBXGroup;
			children = (
				E4C246D810CCAE22004149E2 /* osx */,
				E45BE0380E8CC647009D7055 /* include */,
			);
			name = freeimage;
			path = ../../../libs/freeimage;
			sourceTree = SOURCE_ROOT;
		};
		E45BE0380E8CC647009D7055 /* include */ = {
			isa = PBXGroup;
			children = (
				E45BE0390E8CC647009D7055 /* FreeImage.h */,
			);
			name = include;
			path = ../../../libs/freeimage/include;
			sourceTree = SOURCE_ROOT;
		};
		E45BE03D0E8CC650009D7055 /* fmodex */ = {
			isa = PBXGroup;
			children = (
				E45BE03E0E8CC650009D7055 /* inc */,
				E4C2428E10CC5C18004149E2 /* osx */,
			);
			name = fmodex;
			path = ../../../libs/fmodex;
			sourceTree = SOURCE_ROOT;
		};
		E45BE03E0E8CC650009D7055 /* inc */ = {
			isa = PBXGroup;
			children = (
				E45BE03F0E8CC650009D7055 /* fmod.h */,
				E45BE0400E8CC650009D7055 /* fmod.hpp */,
				E45BE0410E8CC650009D7055 /* fmod_codec.h */,
				E45BE0420E8CC650009D7055 /* fmod_dsp.h */,
				E45BE0430E8CC650009D7055 /* fmod_errors.h */,
				E45BE0440E8CC650009D7055 /* fmod_output.h */,
			);
			name = inc;
			path = ../../../libs/fmodex/include;
			sourceTree = SOURCE_ROOT;
		};
		E45BE0480E8CC657009D7055 /* core libraries */ = {
			isa = PBXGroup;
			children = (
				E4C2425B10CC5A78004149E2 /* glut */,
				E45BEC7B0E8CC911009D7055 /* poco */,
				E45BE2D50E8CC69C009D7055 /* rtAudio */,
				E45BE0A50E8CC67C009D7055 /* GLee */,
				E45BE0490E8CC676009D7055 /* freetype */,
				E45BE03D0E8CC650009D7055 /* fmodex */,
				E45BE0370E8CC647009D7055 /* freeimage */,
			);
			name = "core libraries";
			sourceTree = "<group>";
		};
		E45BE0490E8CC676009D7055 /* freetype */ = {
			isa = PBXGroup;
			children = (
				E4C2429210CC5C38004149E2 /* osx */,
			);
			name = freetype;
			path = ../../../libs/freetype;
			sourceTree = SOURCE_ROOT;
		};
		E45BE0A50E8CC67C009D7055 /* GLee */ = {
			isa = PBXGroup;
			children = (
				E45BE0A60E8CC67C009D7055 /* include */,
				E45BE0A80E8CC67C009D7055 /* lib */,
			);
			name = GLee;
			path = ../../../libs/GLee;
			sourceTree = SOURCE_ROOT;
		};
		E45BE0A60E8CC67C009D7055 /* include */ = {
			isa = PBXGroup;
			children = (
				E45BE0A70E8CC67C009D7055 /* GLee.h */,
			);
			name = include;
			path = ../../../libs/GLee/include;
			sourceTree = SOURCE_ROOT;
		};
		E45BE0A80E8CC67C009D7055 /* lib */ = {
			isa = PBXGroup;
			children = (
				E45BE0A90E8CC67C009D7055 /* GLee.a */,
			);
			name = lib;
			path = ../../../libs/GLee/lib/osx;
			sourceTree = SOURCE_ROOT;
		};
		E45BE2D50E8CC69C009D7055 /* rtAudio */ = {
			isa = PBXGroup;
			children = (
				E45BE2D60E8CC69C009D7055 /* include */,
				E45BE2E20E8CC69C009D7055 /* lib */,
			);
			name = rtAudio;
			path = ../../../libs/rtAudio;
			sourceTree = SOURCE_ROOT;
		};
		E45BE2D60E8CC69C009D7055 /* include */ = {
			isa = PBXGroup;
			children = (
				E45BE2D70E8CC69C009D7055 /* asio */,
				E45BE2E00E8CC69C009D7055 /* RtAudio.h */,
				E45BE2E10E8CC69C009D7055 /* RtError.h */,
			);
			name = include;
			path = ../../../libs/rtAudio/include;
			sourceTree = SOURCE_ROOT;
		};
		E45BE2D70E8CC69C009D7055 /* asio */ = {
			isa = PBXGroup;
			children = (
			);
			name = asio;
			path = ../../../libs/rtAudio/include/asio;
			sourceTree = SOURCE_ROOT;
		};
		E45BE2E20E8CC69C009D7055 /* lib */ = {
			isa = PBXGroup;
			children = (
				E45BE2E30E8CC69C009D7055 /* rtAudio.a */,
			);
			name = lib;
			path = ../../../libs/rtAudio/lib/osx;
			sourceTree = SOURCE_ROOT;
		};
		E45BE5980E8CC70C009D7055 /* core frameworks */ = {
			isa = PBXGroup;
			children = (
				E4C2424410CC5A17004149E2 /* AppKit.framework */,
				E4C2424510CC5A17004149E2 /* Cocoa.framework */,
				E4C2424610CC5A17004149E2 /* IOKit.framework */,
				E45BE9710E8CC7DD009D7055 /* AGL.framework */,
				E45BE9720E8CC7DD009D7055 /* ApplicationServices.framework */,
				E45BE9730E8CC7DD009D7055 /* AudioToolbox.framework */,
				E45BE9740E8CC7DD009D7055 /* Carbon.framework */,
				E45BE9750E8CC7DD009D7055 /* CoreAudio.framework */,
				E45BE9760E8CC7DD009D7055 /* CoreFoundation.framework */,
				E45BE9770E8CC7DD009D7055 /* CoreServices.framework */,
				E45BE9790E8CC7DD009D7055 /* OpenGL.framework */,
				E45BE97A0E8CC7DD009D7055 /* QuickTime.framework */,
			);
			name = "core frameworks";
			sourceTree = "<group>";
		};
		E45BEC7B0E8CC911009D7055 /* poco */ = {
			isa = PBXGroup;
			children = (
				E4C2427910CC5B66004149E2 /* osx */,
			);
			name = poco;
			path = ../../../libs/poco;
			sourceTree = SOURCE_ROOT;
		};
		E45BEED60E8CCB34009D7055 /* core */ = {
			isa = PBXGroup;
			children = (
				E45BE0480E8CC657009D7055 /* core libraries */,
				E45BE5980E8CC70C009D7055 /* core frameworks */,
			);
			name = core;
			sourceTree = "<group>";
		};
		E4B69B4A0A3A1720003C02F2 = {
			isa = PBXGroup;
			children = (
				E4B69B5B0A3A1756003C02F2 /* Paracosm.app */,
				E4B6FCAD0C3E899E008CF71C /* openFrameworks-Info.plist */,
				E4B69E1C0A3A1BDC003C02F2 /* src */,
				E4C2422310CC54B6004149E2 /* openFrameworks */,
				BB4B014C10F69532006C3DED /* addons */,
				E45BE0360E8CC5DE009D7055 /* libs */,
			);
			sourceTree = "<group>";
		};
		E4B69E1C0A3A1BDC003C02F2 /* src */ = {
			isa = PBXGroup;
			children = (
				091EFB43133AE2BD0079FB6C /* ParticleSystem.h */,
				091EFB44133AE2BD0079FB6C /* ParticleSystem.cpp */,
				0A975D04133AAF34001EEBE9 /* kid.cpp */,
				0A975D05133AAF34001EEBE9 /* kid.h */,
				0A975D06133AAF34001EEBE9 /* monster.cpp */,
				0A975D07133AAF34001EEBE9 /* monster.h */,
				E4B69E1D0A3A1BDC003C02F2 /* main.cpp */,
				E4B69E1E0A3A1BDC003C02F2 /* testApp.cpp */,
				E4B69E1F0A3A1BDC003C02F2 /* testApp.h */,
				09A0A1FB1339A69300586A14 /* Particle.h */,
				09A0A1FC1339A69300586A14 /* Particle.cpp */,
				09A0A1FE1339AA2600586A14 /* Emitter.h */,
				09A0A1FF1339AA2600586A14 /* Emitter.cpp */,
				091EFB4A133AE4360079FB6C /* BinParticle.h */,
			);
			path = src;
			sourceTree = SOURCE_ROOT;
		};
		E4C2421710CC549C004149E2 /* Products */ = {
			isa = PBXGroup;
			children = (
				E4C2421E10CC549C004149E2 /* openFrameworksDebug.a */,
			);
			name = Products;
			sourceTree = "<group>";
		};
		E4C2422310CC54B6004149E2 /* openFrameworks */ = {
			isa = PBXGroup;
			children = (
				E4C2421610CC549C004149E2 /* openFrameworksLib.xcodeproj */,
			);
			name = openFrameworks;
			sourceTree = "<group>";
		};
		E4C2425B10CC5A78004149E2 /* glut */ = {
			isa = PBXGroup;
			children = (
				E4C2425D10CC5A78004149E2 /* lib */,
			);
			name = glut;
			path = ../../../libs/glut;
			sourceTree = SOURCE_ROOT;
		};
		E4C2425D10CC5A78004149E2 /* lib */ = {
			isa = PBXGroup;
			children = (
				E4C2425E10CC5A78004149E2 /* osx */,
			);
			name = lib;
			path = ../../../libs/glut/lib;
			sourceTree = SOURCE_ROOT;
		};
		E4C2425E10CC5A78004149E2 /* osx */ = {
			isa = PBXGroup;
			children = (
				E4C2425F10CC5A78004149E2 /* GLUT.framework */,
			);
			name = osx;
			path = ../../../libs/glut/lib/osx;
			sourceTree = SOURCE_ROOT;
		};
		E4C2427910CC5B66004149E2 /* osx */ = {
			isa = PBXGroup;
			children = (
				E4C2427A10CC5B66004149E2 /* CppUnit.a */,
				E4C2427B10CC5B66004149E2 /* PocoFoundation.a */,
				E4C2427C10CC5B66004149E2 /* PocoNet.a */,
				E4C2427D10CC5B66004149E2 /* PocoUtil.a */,
				E4C2427E10CC5B66004149E2 /* PocoXML.a */,
			);
			name = osx;
			path = ../../../libs/poco/lib/osx;
			sourceTree = SOURCE_ROOT;
		};
		E4C2428E10CC5C18004149E2 /* osx */ = {
			isa = PBXGroup;
			children = (
				E4C242CC10CC650E004149E2 /* libfmodex.dylib */,
			);
			name = osx;
			path = ../../../libs/fmodex/lib/osx;
			sourceTree = SOURCE_ROOT;
		};
		E4C2429210CC5C38004149E2 /* osx */ = {
			isa = PBXGroup;
			children = (
				E4C2429310CC5C38004149E2 /* freetype.a */,
			);
			name = osx;
			path = ../../../libs/freetype/lib/osx;
			sourceTree = SOURCE_ROOT;
		};
		E4C246D810CCAE22004149E2 /* osx */ = {
			isa = PBXGroup;
			children = (
				E4C246D910CCAE22004149E2 /* freeimage.a */,
			);
			name = osx;
			path = ../../../libs/FreeImage/lib/osx;
			sourceTree = SOURCE_ROOT;
		};
/* End PBXGroup section */

/* Begin PBXNativeTarget section */
		E4B69B5A0A3A1756003C02F2 /* Paracosm */ = {
			isa = PBXNativeTarget;
			buildConfigurationList = E4B69B5F0A3A1757003C02F2 /* Build configuration list for PBXNativeTarget "Paracosm" */;
			buildPhases = (
				E4B69B580A3A1756003C02F2 /* Sources */,
				E4B69B590A3A1756003C02F2 /* Frameworks */,
				E4B6FFFD0C3F9AB9008CF71C /* ShellScript */,
				E4C2427710CC5ABF004149E2 /* CopyFiles */,
				E4C2444710CC769B004149E2 /* CopyFiles */,
			);
			buildRules = (
			);
			dependencies = (
				E4C2422810CC54DA004149E2 /* PBXTargetDependency */,
			);
			name = Paracosm;
			productName = myOFApp;
			productReference = E4B69B5B0A3A1756003C02F2 /* Paracosm.app */;
			productType = "com.apple.product-type.application";
		};
/* End PBXNativeTarget section */

/* Begin PBXProject section */
		E4B69B4C0A3A1720003C02F2 /* Project object */ = {
			isa = PBXProject;
			buildConfigurationList = E4B69B4D0A3A1720003C02F2 /* Build configuration list for PBXProject "Paracosm" */;
			compatibilityVersion = "Xcode 2.4";
			developmentRegion = English;
			hasScannedForEncodings = 0;
			knownRegions = (
				English,
				Japanese,
				French,
				German,
			);
			mainGroup = E4B69B4A0A3A1720003C02F2;
			productRefGroup = E4B69B4A0A3A1720003C02F2;
			projectDirPath = "";
			projectReferences = (
				{
					ProductGroup = E4C2421710CC549C004149E2 /* Products */;
					ProjectRef = E4C2421610CC549C004149E2 /* openFrameworksLib.xcodeproj */;
				},
			);
			projectRoot = "";
			targets = (
				E4B69B5A0A3A1756003C02F2 /* Paracosm */,
			);
		};
/* End PBXProject section */

/* Begin PBXReferenceProxy section */
		E4C2421E10CC549C004149E2 /* openFrameworksDebug.a */ = {
			isa = PBXReferenceProxy;
			fileType = archive.ar;
			path = openFrameworksDebug.a;
			remoteRef = E4C2421D10CC549C004149E2 /* PBXContainerItemProxy */;
			sourceTree = BUILT_PRODUCTS_DIR;
		};
/* End PBXReferenceProxy section */

/* Begin PBXShellScriptBuildPhase section */
		E4B6FFFD0C3F9AB9008CF71C /* ShellScript */ = {
			isa = PBXShellScriptBuildPhase;
			buildActionMask = 2147483647;
			files = (
			);
			inputPaths = (
			);
			outputPaths = (
			);
			runOnlyForDeploymentPostprocessing = 0;
			shellPath = /bin/sh;
			shellScript = "cp -f ../../../libs/fmodex/lib/osx/libfmodex.dylib \"$TARGET_BUILD_DIR/$PRODUCT_NAME.app/Contents/MacOS/libfmodex.dylib\"\ninstall_name_tool -change ./libfmodex.dylib @executable_path/libfmodex.dylib \"$TARGET_BUILD_DIR/$PRODUCT_NAME.app/Contents/MacOS/$PRODUCT_NAME\" ";
		};
/* End PBXShellScriptBuildPhase section */

/* Begin PBXSourcesBuildPhase section */
		E4B69B580A3A1756003C02F2 /* Sources */ = {
			isa = PBXSourcesBuildPhase;
			buildActionMask = 2147483647;
			files = (
				E4B69E200A3A1BDC003C02F2 /* main.cpp in Sources */,
				E4B69E210A3A1BDC003C02F2 /* testApp.cpp in Sources */,
				09A0A08F13399C8C00586A14 /* ofxTuioClient.cpp in Sources */,
				09A0A09013399C8C00586A14 /* ofxTuioServer.cpp in Sources */,
				09A0A0C913399D3700586A14 /* TuioClient.cpp in Sources */,
				09A0A0CA13399D3700586A14 /* OscSender.cpp in Sources */,
				09A0A0CB13399D3700586A14 /* TcpSender.cpp in Sources */,
				09A0A0CC13399D3700586A14 /* TuioBlob.cpp in Sources */,
				09A0A0CD13399D3700586A14 /* TuioContainer.cpp in Sources */,
				09A0A0CE13399D3700586A14 /* TuioCursor.cpp in Sources */,
				09A0A0CF13399D3700586A14 /* TuioDispatcher.cpp in Sources */,
				09A0A0D013399D3700586A14 /* TuioManager.cpp in Sources */,
				09A0A0D113399D3700586A14 /* TuioObject.cpp in Sources */,
				09A0A0D213399D3700586A14 /* TuioPoint.cpp in Sources */,
				09A0A0D313399D3700586A14 /* TuioServer.cpp in Sources */,
				09A0A0D413399D3700586A14 /* TuioTime.cpp in Sources */,
				09A0A0D513399D3700586A14 /* UdpSender.cpp in Sources */,
				09A0A11013399D4400586A14 /* ofxOscBundle.cpp in Sources */,
				09A0A11113399D4400586A14 /* ofxOscMessage.cpp in Sources */,
				09A0A11213399D4400586A14 /* ofxOscReceiver.cpp in Sources */,
				09A0A11313399D4400586A14 /* ofxOscSender.cpp in Sources */,
				09A0A1F71339A67F00586A14 /* ofxMatrix3x3.cpp in Sources */,
				09A0A1F81339A67F00586A14 /* ofxMatrix4x4.cpp in Sources */,
				09A0A1F91339A67F00586A14 /* ofxQuaternion.cpp in Sources */,
				09A0A1FD1339A69300586A14 /* Particle.cpp in Sources */,
				09A0A2001339AA2600586A14 /* Emitter.cpp in Sources */,
				0A975D08133AAF34001EEBE9 /* kid.cpp in Sources */,
				0A975D09133AAF34001EEBE9 /* monster.cpp in Sources */,
				0A975D0D133AAF49001EEBE9 /* ofxImageSequence.cpp in Sources */,
				091EFB45133AE2BD0079FB6C /* ParticleSystem.cpp in Sources */,
			);
			runOnlyForDeploymentPostprocessing = 0;
		};
/* End PBXSourcesBuildPhase section */

/* Begin PBXTargetDependency section */
		E4C2422810CC54DA004149E2 /* PBXTargetDependency */ = {
			isa = PBXTargetDependency;
			name = openFrameworks;
			targetProxy = E4C2422710CC54DA004149E2 /* PBXContainerItemProxy */;
		};
/* End PBXTargetDependency section */

/* Begin XCBuildConfiguration section */
		E4B27CA010CBF8A600536013 /* ReleaseUniversal */ = {
			isa = XCBuildConfiguration;
			buildSettings = {
				ARCHS = (
					ppc,
					i386,
				);
				CONFIGURATION_BUILD_DIR = "$(SRCROOT)/bin/";
				COPY_PHASE_STRIP = YES;
				DEAD_CODE_STRIPPING = YES;
				GCC_AUTO_VECTORIZATION = YES;
				GCC_ENABLE_SSE3_EXTENSIONS = YES;
				GCC_ENABLE_SUPPLEMENTAL_SSE3_INSTRUCTIONS = YES;
				GCC_INLINES_ARE_PRIVATE_EXTERN = NO;
				GCC_MODEL_TUNING = G5;
				GCC_OPTIMIZATION_LEVEL = 3;
				GCC_SYMBOLS_PRIVATE_EXTERN = NO;
				GCC_UNROLL_LOOPS = YES;
				GCC_WARN_ABOUT_DEPRECATED_FUNCTIONS = NO;
				GCC_WARN_ABOUT_INVALID_OFFSETOF_MACRO = NO;
				GCC_WARN_ALLOW_INCOMPLETE_PROTOCOL = NO;
				GCC_WARN_UNINITIALIZED_AUTOS = NO;
				GCC_WARN_UNUSED_VALUE = NO;
				GCC_WARN_UNUSED_VARIABLE = NO;
				HEADER_SEARCH_PATHS = (
					"../../../libs/openFrameworks/**",
					../../../libs/freetype/include/,
					../../../libs/freetype/include/freetype2,
					../../../libs/poco/include,
					../../../addons/,
				);
				OTHER_CPLUSPLUSFLAGS = (
					"-D__MACOSX_CORE__",
					"-lpthread",
				);
				OTHER_LDFLAGS = "";
			};
			name = ReleaseUniversal;
		};
		E4B27CA110CBF8A600536013 /* ReleaseUniversal */ = {
			isa = XCBuildConfiguration;
			buildSettings = {
				COPY_PHASE_STRIP = YES;
				FRAMEWORK_SEARCH_PATHS = (
					"$(inherited)",
					"$(FRAMEWORK_SEARCH_PATHS_QUOTED_FOR_TARGET_1)",
				);
				FRAMEWORK_SEARCH_PATHS_QUOTED_FOR_TARGET_1 = "\"$(SRCROOT)/../../../libs/glut/lib/osx\"";
				GCC_ENABLE_FIX_AND_CONTINUE = NO;
				GCC_GENERATE_DEBUGGING_SYMBOLS = NO;
				GCC_MODEL_TUNING = G4;
				GCC_PRECOMPILE_PREFIX_HEADER = YES;
				GCC_PREFIX_HEADER = "$(SYSTEM_LIBRARY_DIR)/Frameworks/Carbon.framework/Headers/Carbon.h";
				INFOPLIST_FILE = "openFrameworks-Info.plist";
				INSTALL_PATH = "$(HOME)/Applications";
				LIBRARY_SEARCH_PATHS = (
					"$(inherited)",
					"$(LIBRARY_SEARCH_PATHS_QUOTED_FOR_TARGET_1)",
					"$(LIBRARY_SEARCH_PATHS_QUOTED_FOR_TARGET_2)",
					"$(LIBRARY_SEARCH_PATHS_QUOTED_FOR_TARGET_3)",
					"$(LIBRARY_SEARCH_PATHS_QUOTED_FOR_TARGET_4)",
					"$(LIBRARY_SEARCH_PATHS_QUOTED_FOR_TARGET_5)",
					"$(LIBRARY_SEARCH_PATHS_QUOTED_FOR_TARGET_6)",
					"$(LIBRARY_SEARCH_PATHS_QUOTED_FOR_TARGET_7)",
					"$(LIBRARY_SEARCH_PATHS_QUOTED_FOR_TARGET_8)",
					"$(LIBRARY_SEARCH_PATHS_QUOTED_FOR_TARGET_9)",
					"$(LIBRARY_SEARCH_PATHS_QUOTED_FOR_TARGET_10)",
					"$(LIBRARY_SEARCH_PATHS_QUOTED_FOR_TARGET_11)",
					"$(LIBRARY_SEARCH_PATHS_QUOTED_FOR_TARGET_12)",
					"$(LIBRARY_SEARCH_PATHS_QUOTED_FOR_TARGET_13)",
					"$(LIBRARY_SEARCH_PATHS_QUOTED_FOR_TARGET_14)",
					"$(LIBRARY_SEARCH_PATHS_QUOTED_FOR_TARGET_15)",
					"$(LIBRARY_SEARCH_PATHS_QUOTED_FOR_TARGET_2)",
					"$(LIBRARY_SEARCH_PATHS_QUOTED_1)",
					"$(LIBRARY_SEARCH_PATHS_QUOTED_2)",
					"$(LIBRARY_SEARCH_PATHS_QUOTED_3)",
					"$(LIBRARY_SEARCH_PATHS_QUOTED_4)",
					"$(LIBRARY_SEARCH_PATHS_QUOTED_5)",
					"$(LIBRARY_SEARCH_PATHS_QUOTED_6)",
					"$(LIBRARY_SEARCH_PATHS_QUOTED_7)",
				);
				LIBRARY_SEARCH_PATHS_QUOTED_1 = "\"$(SRCROOT)/ofxOsc/libs/oscpack/lib/android/arm7\"";
				LIBRARY_SEARCH_PATHS_QUOTED_2 = "\"$(SRCROOT)/ofxOsc/libs/oscpack/lib/android\"";
				LIBRARY_SEARCH_PATHS_QUOTED_3 = "\"$(SRCROOT)/ofxOsc/libs/oscpack/lib/linux\"";
				LIBRARY_SEARCH_PATHS_QUOTED_4 = "\"$(SRCROOT)/ofxOsc/libs/oscpack/lib/linux64\"";
				LIBRARY_SEARCH_PATHS_QUOTED_5 = "\"$(SRCROOT)/ofxOsc/libs/oscpack/lib/osx\"";
				LIBRARY_SEARCH_PATHS_QUOTED_6 = "\"$(SRCROOT)/ofxOsc/libs/oscpack/lib/vs2010\"";
				LIBRARY_SEARCH_PATHS_QUOTED_7 = "\"$(SRCROOT)/ofxOsc/libs/oscpack/lib/win_cb\"";
				LIBRARY_SEARCH_PATHS_QUOTED_FOR_TARGET_1 = "\"$(SRCROOT)/../../../libs/freeimage/lib/osx\"";
				LIBRARY_SEARCH_PATHS_QUOTED_FOR_TARGET_14 = "\"$(SRCROOT)/../../../libs/fmodex/lib/osx\"";
				LIBRARY_SEARCH_PATHS_QUOTED_FOR_TARGET_15 = "\"$(SRCROOT)/../../../libs/freetype/lib/osx\"";
				LIBRARY_SEARCH_PATHS_QUOTED_FOR_TARGET_2 = "\"$(SRCROOT)/../../../libs/FreeImage/lib/osx\"";
				LIBRARY_SEARCH_PATHS_QUOTED_FOR_TARGET_4 = "\"$(SRCROOT)/../../../libs/GLee/lib/osx\"";
				LIBRARY_SEARCH_PATHS_QUOTED_FOR_TARGET_5 = "\"$(SRCROOT)/../../../libs/poco/lib/osx\"";
				LIBRARY_SEARCH_PATHS_QUOTED_FOR_TARGET_6 = "\"$(SRCROOT)/../../../libs/rtAudio/lib/osx\"";
				PREBINDING = NO;
				PRODUCT_NAME = ParacosmUniversal;
				WRAPPER_EXTENSION = app;
				ZERO_LINK = NO;
			};
			name = ReleaseUniversal;
		};
		E4B69B4E0A3A1720003C02F2 /* Debug */ = {
			isa = XCBuildConfiguration;
			buildSettings = {
				ARCHS = "$(NATIVE_ARCH)";
				CONFIGURATION_BUILD_DIR = "$(SRCROOT)/bin/";
				COPY_PHASE_STRIP = NO;
				DEAD_CODE_STRIPPING = YES;
				GCC_AUTO_VECTORIZATION = YES;
				GCC_ENABLE_SSE3_EXTENSIONS = YES;
				GCC_ENABLE_SUPPLEMENTAL_SSE3_INSTRUCTIONS = YES;
				GCC_INLINES_ARE_PRIVATE_EXTERN = NO;
				GCC_MODEL_TUNING = G5;
				GCC_SYMBOLS_PRIVATE_EXTERN = NO;
				GCC_WARN_ABOUT_DEPRECATED_FUNCTIONS = NO;
				GCC_WARN_ABOUT_INVALID_OFFSETOF_MACRO = NO;
				GCC_WARN_ALLOW_INCOMPLETE_PROTOCOL = NO;
				GCC_WARN_UNINITIALIZED_AUTOS = NO;
				GCC_WARN_UNUSED_VALUE = NO;
				GCC_WARN_UNUSED_VARIABLE = NO;
				HEADER_SEARCH_PATHS = (
					"../../../libs/openFrameworks/**",
					../../../libs/freetype/include/,
					../../../libs/freetype/include/freetype2,
					../../../libs/poco/include,
					../../../addons/,
				);
				OTHER_CPLUSPLUSFLAGS = (
					"-D__MACOSX_CORE__",
					"-lpthread",
				);
				OTHER_LDFLAGS = "";
			};
			name = Debug;
		};
		E4B69B4F0A3A1720003C02F2 /* Release */ = {
			isa = XCBuildConfiguration;
			buildSettings = {
				ARCHS = "$(NATIVE_ARCH)";
				CONFIGURATION_BUILD_DIR = "$(SRCROOT)/bin/";
				COPY_PHASE_STRIP = YES;
				DEAD_CODE_STRIPPING = YES;
				GCC_AUTO_VECTORIZATION = YES;
				GCC_ENABLE_SSE3_EXTENSIONS = YES;
				GCC_ENABLE_SUPPLEMENTAL_SSE3_INSTRUCTIONS = YES;
				GCC_INLINES_ARE_PRIVATE_EXTERN = NO;
				GCC_MODEL_TUNING = G5;
				GCC_OPTIMIZATION_LEVEL = 3;
				GCC_SYMBOLS_PRIVATE_EXTERN = NO;
				GCC_UNROLL_LOOPS = YES;
				GCC_WARN_ABOUT_DEPRECATED_FUNCTIONS = NO;
				GCC_WARN_ABOUT_INVALID_OFFSETOF_MACRO = NO;
				GCC_WARN_ALLOW_INCOMPLETE_PROTOCOL = NO;
				GCC_WARN_UNINITIALIZED_AUTOS = NO;
				GCC_WARN_UNUSED_VALUE = NO;
				GCC_WARN_UNUSED_VARIABLE = NO;
				HEADER_SEARCH_PATHS = (
					"../../../libs/openFrameworks/**",
					../../../libs/freetype/include/,
					../../../libs/freetype/include/freetype2,
					../../../libs/poco/include,
					../../../addons/,
				);
				OTHER_CPLUSPLUSFLAGS = (
					"-D__MACOSX_CORE__",
					"-lpthread",
				);
				OTHER_LDFLAGS = "";
			};
			name = Release;
		};
		E4B69B600A3A1757003C02F2 /* Debug */ = {
			isa = XCBuildConfiguration;
			buildSettings = {
				COPY_PHASE_STRIP = NO;
				FRAMEWORK_SEARCH_PATHS = (
					"$(inherited)",
					"$(FRAMEWORK_SEARCH_PATHS_QUOTED_FOR_TARGET_1)",
				);
				FRAMEWORK_SEARCH_PATHS_QUOTED_FOR_TARGET_1 = "\"$(SRCROOT)/../../../libs/glut/lib/osx\"";
				GCC_DYNAMIC_NO_PIC = NO;
				GCC_ENABLE_FIX_AND_CONTINUE = YES;
				GCC_GENERATE_DEBUGGING_SYMBOLS = YES;
				GCC_MODEL_TUNING = G4;
				GCC_OPTIMIZATION_LEVEL = 0;
				GCC_PRECOMPILE_PREFIX_HEADER = YES;
				GCC_PREFIX_HEADER = "$(SYSTEM_LIBRARY_DIR)/Frameworks/Carbon.framework/Headers/Carbon.h";
				INFOPLIST_FILE = "openFrameworks-Info.plist";
				INSTALL_PATH = "$(HOME)/Applications";
				LIBRARY_SEARCH_PATHS = (
					"$(inherited)",
					"$(LIBRARY_SEARCH_PATHS_QUOTED_FOR_TARGET_1)",
					"$(LIBRARY_SEARCH_PATHS_QUOTED_FOR_TARGET_2)",
					"$(LIBRARY_SEARCH_PATHS_QUOTED_FOR_TARGET_3)",
					"$(LIBRARY_SEARCH_PATHS_QUOTED_FOR_TARGET_4)",
					"$(LIBRARY_SEARCH_PATHS_QUOTED_FOR_TARGET_5)",
					"$(LIBRARY_SEARCH_PATHS_QUOTED_FOR_TARGET_6)",
					"$(LIBRARY_SEARCH_PATHS_QUOTED_FOR_TARGET_7)",
					"$(LIBRARY_SEARCH_PATHS_QUOTED_FOR_TARGET_8)",
					"$(LIBRARY_SEARCH_PATHS_QUOTED_FOR_TARGET_9)",
					"$(LIBRARY_SEARCH_PATHS_QUOTED_FOR_TARGET_10)",
					"$(LIBRARY_SEARCH_PATHS_QUOTED_FOR_TARGET_11)",
					"$(LIBRARY_SEARCH_PATHS_QUOTED_FOR_TARGET_12)",
					"$(LIBRARY_SEARCH_PATHS_QUOTED_FOR_TARGET_13)",
					"$(LIBRARY_SEARCH_PATHS_QUOTED_FOR_TARGET_14)",
					"$(LIBRARY_SEARCH_PATHS_QUOTED_FOR_TARGET_15)",
					"$(LIBRARY_SEARCH_PATHS_QUOTED_FOR_TARGET_2)",
					"$(LIBRARY_SEARCH_PATHS_QUOTED_FOR_TARGET_3)",
					"$(LIBRARY_SEARCH_PATHS_QUOTED_FOR_TARGET_7)",
					"$(LIBRARY_SEARCH_PATHS_QUOTED_FOR_TARGET_8)",
					"$(LIBRARY_SEARCH_PATHS_QUOTED_FOR_TARGET_9)",
					"$(LIBRARY_SEARCH_PATHS_QUOTED_FOR_TARGET_10)",
					"$(LIBRARY_SEARCH_PATHS_QUOTED_FOR_TARGET_11)",
					"$(LIBRARY_SEARCH_PATHS_QUOTED_FOR_TARGET_12)",
				);
				LIBRARY_SEARCH_PATHS_QUOTED_FOR_TARGET_1 = "\"$(SRCROOT)/../../../libs/freeimage/lib/osx\"";
				LIBRARY_SEARCH_PATHS_QUOTED_FOR_TARGET_10 = "\"$(SRCROOT)/ofxOsc/libs/oscpack/lib/osx\"";
				LIBRARY_SEARCH_PATHS_QUOTED_FOR_TARGET_11 = "\"$(SRCROOT)/ofxOsc/libs/oscpack/lib/vs2010\"";
				LIBRARY_SEARCH_PATHS_QUOTED_FOR_TARGET_12 = "\"$(SRCROOT)/ofxOsc/libs/oscpack/lib/win_cb\"";
				LIBRARY_SEARCH_PATHS_QUOTED_FOR_TARGET_14 = "\"$(SRCROOT)/../../../libs/fmodex/lib/osx\"";
				LIBRARY_SEARCH_PATHS_QUOTED_FOR_TARGET_15 = "\"$(SRCROOT)/../../../libs/freetype/lib/osx\"";
				LIBRARY_SEARCH_PATHS_QUOTED_FOR_TARGET_2 = "\"$(SRCROOT)/../../../libs/FreeImage/lib/osx\"";
				LIBRARY_SEARCH_PATHS_QUOTED_FOR_TARGET_3 = "\"$(SRCROOT)/ofxOsc/libs/oscpack/lib/android/arm7\"";
				LIBRARY_SEARCH_PATHS_QUOTED_FOR_TARGET_4 = "\"$(SRCROOT)/../../../libs/GLee/lib/osx\"";
				LIBRARY_SEARCH_PATHS_QUOTED_FOR_TARGET_5 = "\"$(SRCROOT)/../../../libs/poco/lib/osx\"";
				LIBRARY_SEARCH_PATHS_QUOTED_FOR_TARGET_6 = "\"$(SRCROOT)/../../../libs/rtAudio/lib/osx\"";
				LIBRARY_SEARCH_PATHS_QUOTED_FOR_TARGET_7 = "\"$(SRCROOT)/ofxOsc/libs/oscpack/lib/android\"";
				LIBRARY_SEARCH_PATHS_QUOTED_FOR_TARGET_8 = "\"$(SRCROOT)/ofxOsc/libs/oscpack/lib/linux\"";
				LIBRARY_SEARCH_PATHS_QUOTED_FOR_TARGET_9 = "\"$(SRCROOT)/ofxOsc/libs/oscpack/lib/linux64\"";
				PREBINDING = NO;
				PRODUCT_NAME = ParacosmDebug;
				WRAPPER_EXTENSION = app;
				ZERO_LINK = NO;
			};
			name = Debug;
		};
		E4B69B610A3A1757003C02F2 /* Release */ = {
			isa = XCBuildConfiguration;
			buildSettings = {
				COPY_PHASE_STRIP = YES;
				FRAMEWORK_SEARCH_PATHS = (
					"$(inherited)",
					"$(FRAMEWORK_SEARCH_PATHS_QUOTED_FOR_TARGET_1)",
				);
				FRAMEWORK_SEARCH_PATHS_QUOTED_FOR_TARGET_1 = "\"$(SRCROOT)/../../../libs/glut/lib/osx\"";
				GCC_ENABLE_FIX_AND_CONTINUE = NO;
				GCC_GENERATE_DEBUGGING_SYMBOLS = NO;
				GCC_MODEL_TUNING = G4;
				GCC_PRECOMPILE_PREFIX_HEADER = YES;
				GCC_PREFIX_HEADER = "$(SYSTEM_LIBRARY_DIR)/Frameworks/Carbon.framework/Headers/Carbon.h";
				INFOPLIST_FILE = "openFrameworks-Info.plist";
				INSTALL_PATH = "$(HOME)/Applications";
				LIBRARY_SEARCH_PATHS = (
					"$(inherited)",
					"$(LIBRARY_SEARCH_PATHS_QUOTED_FOR_TARGET_1)",
					"$(LIBRARY_SEARCH_PATHS_QUOTED_FOR_TARGET_2)",
					"$(LIBRARY_SEARCH_PATHS_QUOTED_FOR_TARGET_3)",
					"$(LIBRARY_SEARCH_PATHS_QUOTED_FOR_TARGET_4)",
					"$(LIBRARY_SEARCH_PATHS_QUOTED_FOR_TARGET_5)",
					"$(LIBRARY_SEARCH_PATHS_QUOTED_FOR_TARGET_6)",
					"$(LIBRARY_SEARCH_PATHS_QUOTED_FOR_TARGET_7)",
					"$(LIBRARY_SEARCH_PATHS_QUOTED_FOR_TARGET_8)",
					"$(LIBRARY_SEARCH_PATHS_QUOTED_FOR_TARGET_9)",
					"$(LIBRARY_SEARCH_PATHS_QUOTED_FOR_TARGET_10)",
					"$(LIBRARY_SEARCH_PATHS_QUOTED_FOR_TARGET_11)",
					"$(LIBRARY_SEARCH_PATHS_QUOTED_FOR_TARGET_12)",
					"$(LIBRARY_SEARCH_PATHS_QUOTED_FOR_TARGET_13)",
					"$(LIBRARY_SEARCH_PATHS_QUOTED_FOR_TARGET_14)",
					"$(LIBRARY_SEARCH_PATHS_QUOTED_FOR_TARGET_15)",
					"$(LIBRARY_SEARCH_PATHS_QUOTED_FOR_TARGET_2)",
					"$(LIBRARY_SEARCH_PATHS_QUOTED_1)",
					"$(LIBRARY_SEARCH_PATHS_QUOTED_2)",
					"$(LIBRARY_SEARCH_PATHS_QUOTED_3)",
					"$(LIBRARY_SEARCH_PATHS_QUOTED_4)",
					"$(LIBRARY_SEARCH_PATHS_QUOTED_5)",
					"$(LIBRARY_SEARCH_PATHS_QUOTED_6)",
					"$(LIBRARY_SEARCH_PATHS_QUOTED_7)",
				);
				LIBRARY_SEARCH_PATHS_QUOTED_1 = "\"$(SRCROOT)/ofxOsc/libs/oscpack/lib/android/arm7\"";
				LIBRARY_SEARCH_PATHS_QUOTED_2 = "\"$(SRCROOT)/ofxOsc/libs/oscpack/lib/android\"";
				LIBRARY_SEARCH_PATHS_QUOTED_3 = "\"$(SRCROOT)/ofxOsc/libs/oscpack/lib/linux\"";
				LIBRARY_SEARCH_PATHS_QUOTED_4 = "\"$(SRCROOT)/ofxOsc/libs/oscpack/lib/linux64\"";
				LIBRARY_SEARCH_PATHS_QUOTED_5 = "\"$(SRCROOT)/ofxOsc/libs/oscpack/lib/osx\"";
				LIBRARY_SEARCH_PATHS_QUOTED_6 = "\"$(SRCROOT)/ofxOsc/libs/oscpack/lib/vs2010\"";
				LIBRARY_SEARCH_PATHS_QUOTED_7 = "\"$(SRCROOT)/ofxOsc/libs/oscpack/lib/win_cb\"";
				LIBRARY_SEARCH_PATHS_QUOTED_FOR_TARGET_1 = "\"$(SRCROOT)/../../../libs/freeimage/lib/osx\"";
				LIBRARY_SEARCH_PATHS_QUOTED_FOR_TARGET_14 = "\"$(SRCROOT)/../../../libs/fmodex/lib/osx\"";
				LIBRARY_SEARCH_PATHS_QUOTED_FOR_TARGET_15 = "\"$(SRCROOT)/../../../libs/freetype/lib/osx\"";
				LIBRARY_SEARCH_PATHS_QUOTED_FOR_TARGET_2 = "\"$(SRCROOT)/../../../libs/FreeImage/lib/osx\"";
				LIBRARY_SEARCH_PATHS_QUOTED_FOR_TARGET_4 = "\"$(SRCROOT)/../../../libs/GLee/lib/osx\"";
				LIBRARY_SEARCH_PATHS_QUOTED_FOR_TARGET_5 = "\"$(SRCROOT)/../../../libs/poco/lib/osx\"";
				LIBRARY_SEARCH_PATHS_QUOTED_FOR_TARGET_6 = "\"$(SRCROOT)/../../../libs/rtAudio/lib/osx\"";
				PREBINDING = NO;
				PRODUCT_NAME = Paracosm;
				WRAPPER_EXTENSION = app;
				ZERO_LINK = NO;
			};
			name = Release;
		};
/* End XCBuildConfiguration section */

/* Begin XCConfigurationList section */
		E4B69B4D0A3A1720003C02F2 /* Build configuration list for PBXProject "Paracosm" */ = {
			isa = XCConfigurationList;
			buildConfigurations = (
				E4B69B4E0A3A1720003C02F2 /* Debug */,
				E4B69B4F0A3A1720003C02F2 /* Release */,
				E4B27CA010CBF8A600536013 /* ReleaseUniversal */,
			);
			defaultConfigurationIsVisible = 0;
			defaultConfigurationName = Release;
		};
		E4B69B5F0A3A1757003C02F2 /* Build configuration list for PBXNativeTarget "Paracosm" */ = {
			isa = XCConfigurationList;
			buildConfigurations = (
				E4B69B600A3A1757003C02F2 /* Debug */,
				E4B69B610A3A1757003C02F2 /* Release */,
				E4B27CA110CBF8A600536013 /* ReleaseUniversal */,
			);
			defaultConfigurationIsVisible = 0;
			defaultConfigurationName = Release;
		};
/* End XCConfigurationList section */
	};
	rootObject = E4B69B4C0A3A1720003C02F2 /* Project object */;
}
